{
  "version": 4,
  "terraform_version": "1.4.6",
  "serial": 48,
  "lineage": "b8c6d3e7-3495-40b9-6072-bdfdab443010",
  "outputs": {
    "PrivateIP-Win": {
      "value": [
        [
          "10.0.0.5",
          "10.0.0.4"
        ]
      ],
      "type": [
        "tuple",
        [
          [
            "tuple",
            [
              "string",
              "string"
            ]
          ]
        ]
      ]
    },
    "PublicIP-Win": {
      "value": [
        [
          "20.116.38.44",
          "20.116.37.137"
        ]
      ],
      "type": [
        "tuple",
        [
          [
            "tuple",
            [
              "string",
              "string"
            ]
          ]
        ]
      ]
    },
    "VM-Win-Hostname": {
      "value": [
        [
          "N01579923-vm1",
          "N01579923-vm2"
        ]
      ],
      "type": [
        "tuple",
        [
          [
            "tuple",
            [
              "string",
              "string"
            ]
          ]
        ]
      ]
    },
    "VirtualNetwork-Sapce": {
      "value": [
        "10.0.0.0/16"
      ],
      "type": [
        "list",
        "string"
      ]
    },
    "azurerm_subnet_name": {
      "value": "N01579923-SUBNET",
      "type": "string"
    },
    "db_name": {
      "value": "psqlserver9923",
      "type": "string"
    },
    "linux-vm-hostname": {
      "value": [
        "vmlinux-N015799231",
        "vmlinux-N015799232",
        "vmlinux-N015799233"
      ],
      "type": [
        "tuple",
        [
          "string",
          "string",
          "string"
        ]
      ]
    },
    "linux-vm-private-ip": {
      "value": [
        [
          "10.0.0.8",
          "10.0.0.6",
          "10.0.0.7"
        ]
      ],
      "type": [
        "tuple",
        [
          [
            "tuple",
            [
              "string",
              "string",
              "string"
            ]
          ]
        ]
      ]
    },
    "linux-vm-public-ip": {
      "value": [
        "20.116.37.146",
        "20.116.37.144",
        "20.116.37.152"
      ],
      "type": [
        "tuple",
        [
          "string",
          "string",
          "string"
        ]
      ]
    },
    "linux_virtual_machine": {
      "value": [
        [
          "vmlinux-N015799231",
          "vmlinux-N015799232",
          "vmlinux-N015799233"
        ]
      ],
      "type": [
        "tuple",
        [
          [
            "tuple",
            [
              "string",
              "string",
              "string"
            ]
          ]
        ]
      ]
    },
    "log_analytics_workspace_name": {
      "value": "LogAnalyticsWorkspace",
      "type": "string"
    },
    "network_security_group_name1": {
      "value": "N01579923-SG",
      "type": "string"
    },
    "recovery_vault_name": {
      "value": "myrecovery-vault",
      "type": "string"
    },
    "rg-network-location": {
      "value": "canadacentral",
      "type": "string"
    },
    "rg-network-name": {
      "value": "N01579923-RG",
      "type": "string"
    },
    "storage_account_name": {
      "value": "n9923sa",
      "type": "string"
    },
    "virtual_network_name": {
      "value": "N01579923-VNET",
      "type": "string"
    }
  },
  "resources": [
    {
      "module": "module.common",
      "mode": "managed",
      "type": "azurerm_log_analytics_workspace",
      "name": "log_analytics_workspace",
      "provider": "provider[\"registry.terraform.io/hashicorp/azurerm\"]",
      "instances": [
        {
          "schema_version": 3,
          "attributes": {
            "allow_resource_only_permissions": true,
            "cmk_for_query_forced": false,
            "daily_quota_gb": -1,
            "id": "/subscriptions/c1ccde25-6894-4122-834a-1e10d99da931/resourceGroups/N01579923-RG/providers/Microsoft.OperationalInsights/workspaces/LogAnalyticsWorkspace",
            "internet_ingestion_enabled": true,
            "internet_query_enabled": true,
            "local_authentication_disabled": false,
            "location": "canadacentral",
            "name": "LogAnalyticsWorkspace",
            "primary_shared_key": "HueZYlw38hXyfiXaQgdezhzV8JzFMcWUQvr41HnbX+GyKDNHzXRKXNiK3t6fp0u22en6yQ9wV6uvnqVVf1Cwww==",
            "reservation_capacity_in_gb_per_day": null,
            "resource_group_name": "N01579923-RG",
            "retention_in_days": 30,
            "secondary_shared_key": "cvu82fWnEOYj08MMqzwY7Uofk5m23w3u8fyZjzsWQyjx2D4W5I8qG9Dua71p45BZUr72Rt4xiPtVEY0MtXb8QA==",
            "sku": "PerGB2018",
            "tags": {
              "Assignment": "CCGC 5502 Automation Assignment",
              "Environment": "Learning",
              "ExpirationDate": "2024-12-31",
              "Name": "anjali.prajapati"
            },
            "timeouts": null,
            "workspace_id": "4c237d25-5da0-495a-a260-e0a0dde7bdac"
          },
          "sensitive_attributes": [],
          "private": "eyJlMmJmYjczMC1lY2FhLTExZTYtOGY4OC0zNDM2M2JjN2M0YzAiOnsiY3JlYXRlIjoxODAwMDAwMDAwMDAwLCJkZWxldGUiOjE4MDAwMDAwMDAwMDAsInJlYWQiOjMwMDAwMDAwMDAwMCwidXBkYXRlIjoxODAwMDAwMDAwMDAwfSwic2NoZW1hX3ZlcnNpb24iOiIzIn0=",
          "dependencies": [
            "module.rgroup.azurerm_resource_group.rgroup"
          ]
        }
      ]
    },
    {
      "module": "module.common",
      "mode": "managed",
      "type": "azurerm_recovery_services_vault",
      "name": "recovery_vault",
      "provider": "provider[\"registry.terraform.io/hashicorp/azurerm\"]",
      "instances": [
        {
          "schema_version": 0,
          "attributes": {
            "classic_vmware_replication_enabled": null,
            "cross_region_restore_enabled": false,
            "encryption": [],
            "id": "/subscriptions/c1ccde25-6894-4122-834a-1e10d99da931/resourceGroups/N01579923-RG/providers/Microsoft.RecoveryServices/vaults/myrecovery-vault",
            "identity": [],
            "immutability": null,
            "location": "canadacentral",
            "monitoring": [],
            "name": "myrecovery-vault",
            "public_network_access_enabled": true,
            "resource_group_name": "N01579923-RG",
            "sku": "Standard",
            "soft_delete_enabled": true,
            "storage_mode_type": "GeoRedundant",
            "tags": null,
            "timeouts": null
          },
          "sensitive_attributes": [],
          "private": "eyJlMmJmYjczMC1lY2FhLTExZTYtOGY4OC0zNDM2M2JjN2M0YzAiOnsiY3JlYXRlIjo3MjAwMDAwMDAwMDAwLCJkZWxldGUiOjE4MDAwMDAwMDAwMDAsInJlYWQiOjMwMDAwMDAwMDAwMCwidXBkYXRlIjozNjAwMDAwMDAwMDAwfX0=",
          "dependencies": [
            "module.rgroup.azurerm_resource_group.rgroup"
          ]
        }
      ]
    },
    {
      "module": "module.common",
      "mode": "managed",
      "type": "azurerm_storage_account",
      "name": "storage_account",
      "provider": "provider[\"registry.terraform.io/hashicorp/azurerm\"]",
      "instances": [
        {
          "schema_version": 4,
          "attributes": {
            "access_tier": "Hot",
            "account_kind": "StorageV2",
            "account_replication_type": "LRS",
            "account_tier": "Standard",
            "allow_nested_items_to_be_public": true,
            "allowed_copy_scope": "",
            "azure_files_authentication": [],
            "blob_properties": [
              {
                "change_feed_enabled": false,
                "change_feed_retention_in_days": 0,
                "container_delete_retention_policy": [],
                "cors_rule": [],
                "default_service_version": "",
                "delete_retention_policy": [],
                "last_access_time_enabled": false,
                "restore_policy": [],
                "versioning_enabled": false
              }
            ],
            "cross_tenant_replication_enabled": true,
            "custom_domain": [],
            "customer_managed_key": [],
            "default_to_oauth_authentication": false,
            "edge_zone": "",
            "enable_https_traffic_only": true,
            "id": "/subscriptions/c1ccde25-6894-4122-834a-1e10d99da931/resourceGroups/N01579923-RG/providers/Microsoft.Storage/storageAccounts/n9923sa",
            "identity": [],
            "immutability_policy": [],
            "infrastructure_encryption_enabled": false,
            "is_hns_enabled": false,
            "large_file_share_enabled": null,
            "location": "canadacentral",
            "min_tls_version": "TLS1_2",
            "name": "n9923sa",
            "network_rules": [
              {
                "bypass": [
                  "AzureServices"
                ],
                "default_action": "Allow",
                "ip_rules": [],
                "private_link_access": [],
                "virtual_network_subnet_ids": []
              }
            ],
            "nfsv3_enabled": false,
            "primary_access_key": "1ZDGcRRe5dBWRecYxM0g5YCB6WEVM6WOT+grLNW8bHDtoqbz1lRM6QFPOWLpocGekLuayazn6kAY+AStmcJSpQ==",
            "primary_blob_connection_string": "DefaultEndpointsProtocol=https;BlobEndpoint=https://n9923sa.blob.core.windows.net/;AccountName=n9923sa;AccountKey=1ZDGcRRe5dBWRecYxM0g5YCB6WEVM6WOT+grLNW8bHDtoqbz1lRM6QFPOWLpocGekLuayazn6kAY+AStmcJSpQ==",
            "primary_blob_endpoint": "https://n9923sa.blob.core.windows.net/",
            "primary_blob_host": "n9923sa.blob.core.windows.net",
            "primary_connection_string": "DefaultEndpointsProtocol=https;AccountName=n9923sa;AccountKey=1ZDGcRRe5dBWRecYxM0g5YCB6WEVM6WOT+grLNW8bHDtoqbz1lRM6QFPOWLpocGekLuayazn6kAY+AStmcJSpQ==;EndpointSuffix=core.windows.net",
            "primary_dfs_endpoint": "https://n9923sa.dfs.core.windows.net/",
            "primary_dfs_host": "n9923sa.dfs.core.windows.net",
            "primary_file_endpoint": "https://n9923sa.file.core.windows.net/",
            "primary_file_host": "n9923sa.file.core.windows.net",
            "primary_location": "canadacentral",
            "primary_queue_endpoint": "https://n9923sa.queue.core.windows.net/",
            "primary_queue_host": "n9923sa.queue.core.windows.net",
            "primary_table_endpoint": "https://n9923sa.table.core.windows.net/",
            "primary_table_host": "n9923sa.table.core.windows.net",
            "primary_web_endpoint": "https://n9923sa.z9.web.core.windows.net/",
            "primary_web_host": "n9923sa.z9.web.core.windows.net",
            "public_network_access_enabled": true,
            "queue_encryption_key_type": "Service",
            "queue_properties": [
              {
                "cors_rule": [],
                "hour_metrics": [
                  {
                    "enabled": true,
                    "include_apis": true,
                    "retention_policy_days": 7,
                    "version": "1.0"
                  }
                ],
                "logging": [
                  {
                    "delete": false,
                    "read": false,
                    "retention_policy_days": 0,
                    "version": "1.0",
                    "write": false
                  }
                ],
                "minute_metrics": [
                  {
                    "enabled": false,
                    "include_apis": false,
                    "retention_policy_days": 0,
                    "version": "1.0"
                  }
                ]
              }
            ],
            "resource_group_name": "N01579923-RG",
            "routing": [],
            "sas_policy": [],
            "secondary_access_key": "g3CYDDfMYECFrN/xLD7Fz/QlkJuwx2fdlEO7D3u8HJpYJ55EtRKpxVms/G1HmRR4KCsmkrJL6tf/+ASt5uzV0g==",
            "secondary_blob_connection_string": "",
            "secondary_blob_endpoint": null,
            "secondary_blob_host": null,
            "secondary_connection_string": "DefaultEndpointsProtocol=https;AccountName=n9923sa;AccountKey=g3CYDDfMYECFrN/xLD7Fz/QlkJuwx2fdlEO7D3u8HJpYJ55EtRKpxVms/G1HmRR4KCsmkrJL6tf/+ASt5uzV0g==;EndpointSuffix=core.windows.net",
            "secondary_dfs_endpoint": null,
            "secondary_dfs_host": null,
            "secondary_file_endpoint": null,
            "secondary_file_host": null,
            "secondary_location": "",
            "secondary_queue_endpoint": null,
            "secondary_queue_host": null,
            "secondary_table_endpoint": null,
            "secondary_table_host": null,
            "secondary_web_endpoint": null,
            "secondary_web_host": null,
            "sftp_enabled": false,
            "share_properties": [
              {
                "cors_rule": [],
                "retention_policy": [
                  {
                    "days": 7
                  }
                ],
                "smb": []
              }
            ],
            "shared_access_key_enabled": true,
            "static_website": [],
            "table_encryption_key_type": "Service",
            "tags": null,
            "timeouts": null
          },
          "sensitive_attributes": [],
          "private": "eyJlMmJmYjczMC1lY2FhLTExZTYtOGY4OC0zNDM2M2JjN2M0YzAiOnsiY3JlYXRlIjozNjAwMDAwMDAwMDAwLCJkZWxldGUiOjM2MDAwMDAwMDAwMDAsInJlYWQiOjMwMDAwMDAwMDAwMCwidXBkYXRlIjozNjAwMDAwMDAwMDAwfSwic2NoZW1hX3ZlcnNpb24iOiI0In0=",
          "dependencies": [
            "module.rgroup.azurerm_resource_group.rgroup"
          ]
        }
      ]
    },
    {
      "module": "module.database",
      "mode": "managed",
      "type": "azurerm_postgresql_server",
      "name": "psql_server",
      "provider": "provider[\"registry.terraform.io/hashicorp/azurerm\"]",
      "instances": [
        {
          "schema_version": 1,
          "attributes": {
            "administrator_login": "psqladmin",
            "administrator_login_password": "Admin@123!",
            "auto_grow_enabled": true,
            "backup_retention_days": 7,
            "create_mode": "Default",
            "creation_source_server_id": null,
            "fqdn": "psqlserver9923.postgres.database.azure.com",
            "geo_redundant_backup_enabled": false,
            "id": "/subscriptions/c1ccde25-6894-4122-834a-1e10d99da931/resourceGroups/N01579923-RG/providers/Microsoft.DBforPostgreSQL/servers/psqlserver9923",
            "identity": [],
            "infrastructure_encryption_enabled": false,
            "location": "canadacentral",
            "name": "psqlserver9923",
            "public_network_access_enabled": true,
            "resource_group_name": "N01579923-RG",
            "restore_point_in_time": null,
            "sku_name": "B_Gen5_2",
            "ssl_enforcement_enabled": true,
            "ssl_minimal_tls_version_enforced": "TLS1_2",
            "storage_mb": 5120,
            "tags": {
              "Assignment": "CCGC 5502 Automation Assignment",
              "Environment": "Learning",
              "ExpirationDate": "2024-12-31",
              "Name": "anjali.prajapati"
            },
            "threat_detection_policy": [],
            "timeouts": null,
            "version": "9.5"
          },
          "sensitive_attributes": [],
          "private": "eyJlMmJmYjczMC1lY2FhLTExZTYtOGY4OC0zNDM2M2JjN2M0YzAiOnsiY3JlYXRlIjozNjAwMDAwMDAwMDAwLCJkZWxldGUiOjM2MDAwMDAwMDAwMDAsInJlYWQiOjMwMDAwMDAwMDAwMCwidXBkYXRlIjozNjAwMDAwMDAwMDAwfSwic2NoZW1hX3ZlcnNpb24iOiIxIn0=",
          "dependencies": [
            "module.rgroup.azurerm_resource_group.rgroup"
          ]
        }
      ]
    },
    {
      "module": "module.datadisk",
      "mode": "managed",
      "type": "azurerm_managed_disk",
      "name": "data_disk",
      "provider": "provider[\"registry.terraform.io/hashicorp/azurerm\"]",
      "instances": [
        {
          "index_key": 0,
          "schema_version": 1,
          "attributes": {
            "create_option": "Empty",
            "disk_access_id": "",
            "disk_encryption_set_id": "",
            "disk_iops_read_only": 0,
            "disk_iops_read_write": 500,
            "disk_mbps_read_only": 0,
            "disk_mbps_read_write": 60,
            "disk_size_gb": 10,
            "edge_zone": "",
            "encryption_settings": [],
            "gallery_image_reference_id": "",
            "hyper_v_generation": "",
            "id": "/subscriptions/c1ccde25-6894-4122-834a-1e10d99da931/resourceGroups/N01579923-RG/providers/Microsoft.Compute/disks/N01579923-vm1-data-disk1",
            "image_reference_id": "",
            "location": "canadacentral",
            "logical_sector_size": null,
            "max_shares": 0,
            "name": "N01579923-vm1-data-disk1",
            "network_access_policy": null,
            "on_demand_bursting_enabled": false,
            "os_type": "",
            "public_network_access_enabled": true,
            "resource_group_name": "N01579923-RG",
            "secure_vm_disk_encryption_set_id": "",
            "security_type": "",
            "source_resource_id": "",
            "source_uri": "",
            "storage_account_id": "",
            "storage_account_type": "Standard_LRS",
            "tags": {
              "Assignment": "CCGC 5502 Automation Assignment",
              "Environment": "Learning",
              "ExpirationDate": "2024-12-31",
              "Name": "anjali.prajapati"
            },
            "tier": "",
            "timeouts": null,
            "trusted_launch_enabled": false,
            "upload_size_bytes": 0,
            "zone": ""
          },
          "sensitive_attributes": [],
          "private": "eyJlMmJmYjczMC1lY2FhLTExZTYtOGY4OC0zNDM2M2JjN2M0YzAiOnsiY3JlYXRlIjoxODAwMDAwMDAwMDAwLCJkZWxldGUiOjE4MDAwMDAwMDAwMDAsInJlYWQiOjMwMDAwMDAwMDAwMCwidXBkYXRlIjoxODAwMDAwMDAwMDAwfSwic2NoZW1hX3ZlcnNpb24iOiIxIn0=",
          "dependencies": [
            "module.common.azurerm_log_analytics_workspace.log_analytics_workspace",
            "module.common.azurerm_recovery_services_vault.recovery_vault",
            "module.common.azurerm_storage_account.storage_account",
            "module.network.azurerm_network_security_group.nsg",
            "module.network.azurerm_subnet.network-subnet",
            "module.network.azurerm_subnet_network_security_group_association.subnet-nsg",
            "module.network.azurerm_virtual_network.network",
            "module.rgroup.azurerm_resource_group.rgroup",
            "module.vmlinux.azurerm_availability_set.avail_set",
            "module.vmlinux.azurerm_linux_virtual_machine.vm-linux",
            "module.vmlinux.azurerm_network_interface.vm-net-interface",
            "module.vmlinux.azurerm_public_ip.vm-public-ip",
            "module.vmlinux.azurerm_virtual_machine_extension.azure_monitor",
            "module.vmlinux.azurerm_virtual_machine_extension.linux-vm-network-watcher",
            "module.vmwindows.azurerm_availability_set.window_avail_set",
            "module.vmwindows.azurerm_network_interface.network-interface",
            "module.vmwindows.azurerm_public_ip.vm-public-ip-1",
            "module.vmwindows.azurerm_virtual_machine_extension.extension",
            "module.vmwindows.azurerm_windows_virtual_machine.window_vm"
          ]
        }
      ]
    },
    {
      "module": "module.datadisk",
      "mode": "managed",
      "type": "azurerm_managed_disk",
      "name": "linux_data_disk",
      "provider": "provider[\"registry.terraform.io/hashicorp/azurerm\"]",
      "instances": [
        {
          "index_key": 0,
          "schema_version": 1,
          "attributes": {
            "create_option": "Empty",
            "disk_access_id": "",
            "disk_encryption_set_id": "",
            "disk_iops_read_only": 0,
            "disk_iops_read_write": 500,
            "disk_mbps_read_only": 0,
            "disk_mbps_read_write": 60,
            "disk_size_gb": 10,
            "edge_zone": "",
            "encryption_settings": [],
            "gallery_image_reference_id": "",
            "hyper_v_generation": "",
            "id": "/subscriptions/c1ccde25-6894-4122-834a-1e10d99da931/resourceGroups/N01579923-RG/providers/Microsoft.Compute/disks/vmlinux-N015799231-data-disk1",
            "image_reference_id": "",
            "location": "canadacentral",
            "logical_sector_size": null,
            "max_shares": 0,
            "name": "vmlinux-N015799231-data-disk1",
            "network_access_policy": null,
            "on_demand_bursting_enabled": false,
            "os_type": "",
            "public_network_access_enabled": true,
            "resource_group_name": "N01579923-RG",
            "secure_vm_disk_encryption_set_id": "",
            "security_type": "",
            "source_resource_id": "",
            "source_uri": "",
            "storage_account_id": "",
            "storage_account_type": "Standard_LRS",
            "tags": {
              "Assignment": "CCGC 5502 Automation Assignment",
              "Environment": "Learning",
              "ExpirationDate": "2024-12-31",
              "Name": "anjali.prajapati"
            },
            "tier": "",
            "timeouts": null,
            "trusted_launch_enabled": false,
            "upload_size_bytes": 0,
            "zone": ""
          },
          "sensitive_attributes": [],
          "private": "eyJlMmJmYjczMC1lY2FhLTExZTYtOGY4OC0zNDM2M2JjN2M0YzAiOnsiY3JlYXRlIjoxODAwMDAwMDAwMDAwLCJkZWxldGUiOjE4MDAwMDAwMDAwMDAsInJlYWQiOjMwMDAwMDAwMDAwMCwidXBkYXRlIjoxODAwMDAwMDAwMDAwfSwic2NoZW1hX3ZlcnNpb24iOiIxIn0=",
          "dependencies": [
            "module.common.azurerm_log_analytics_workspace.log_analytics_workspace",
            "module.common.azurerm_recovery_services_vault.recovery_vault",
            "module.common.azurerm_storage_account.storage_account",
            "module.network.azurerm_network_security_group.nsg",
            "module.network.azurerm_subnet.network-subnet",
            "module.network.azurerm_subnet_network_security_group_association.subnet-nsg",
            "module.network.azurerm_virtual_network.network",
            "module.rgroup.azurerm_resource_group.rgroup",
            "module.vmlinux.azurerm_availability_set.avail_set",
            "module.vmlinux.azurerm_linux_virtual_machine.vm-linux",
            "module.vmlinux.azurerm_network_interface.vm-net-interface",
            "module.vmlinux.azurerm_public_ip.vm-public-ip",
            "module.vmlinux.azurerm_virtual_machine_extension.azure_monitor",
            "module.vmlinux.azurerm_virtual_machine_extension.linux-vm-network-watcher",
            "module.vmwindows.azurerm_availability_set.window_avail_set",
            "module.vmwindows.azurerm_network_interface.network-interface",
            "module.vmwindows.azurerm_public_ip.vm-public-ip-1",
            "module.vmwindows.azurerm_virtual_machine_extension.extension",
            "module.vmwindows.azurerm_windows_virtual_machine.window_vm"
          ]
        },
        {
          "index_key": 1,
          "schema_version": 1,
          "attributes": {
            "create_option": "Empty",
            "disk_access_id": "",
            "disk_encryption_set_id": "",
            "disk_iops_read_only": 0,
            "disk_iops_read_write": 500,
            "disk_mbps_read_only": 0,
            "disk_mbps_read_write": 60,
            "disk_size_gb": 10,
            "edge_zone": "",
            "encryption_settings": [],
            "gallery_image_reference_id": "",
            "hyper_v_generation": "",
            "id": "/subscriptions/c1ccde25-6894-4122-834a-1e10d99da931/resourceGroups/N01579923-RG/providers/Microsoft.Compute/disks/vmlinux-N015799231-data-disk2",
            "image_reference_id": "",
            "location": "canadacentral",
            "logical_sector_size": null,
            "max_shares": 0,
            "name": "vmlinux-N015799231-data-disk2",
            "network_access_policy": null,
            "on_demand_bursting_enabled": false,
            "os_type": "",
            "public_network_access_enabled": true,
            "resource_group_name": "N01579923-RG",
            "secure_vm_disk_encryption_set_id": "",
            "security_type": "",
            "source_resource_id": "",
            "source_uri": "",
            "storage_account_id": "",
            "storage_account_type": "Standard_LRS",
            "tags": {
              "Assignment": "CCGC 5502 Automation Assignment",
              "Environment": "Learning",
              "ExpirationDate": "2024-12-31",
              "Name": "anjali.prajapati"
            },
            "tier": "",
            "timeouts": null,
            "trusted_launch_enabled": false,
            "upload_size_bytes": 0,
            "zone": ""
          },
          "sensitive_attributes": [],
          "private": "eyJlMmJmYjczMC1lY2FhLTExZTYtOGY4OC0zNDM2M2JjN2M0YzAiOnsiY3JlYXRlIjoxODAwMDAwMDAwMDAwLCJkZWxldGUiOjE4MDAwMDAwMDAwMDAsInJlYWQiOjMwMDAwMDAwMDAwMCwidXBkYXRlIjoxODAwMDAwMDAwMDAwfSwic2NoZW1hX3ZlcnNpb24iOiIxIn0=",
          "dependencies": [
            "module.common.azurerm_log_analytics_workspace.log_analytics_workspace",
            "module.common.azurerm_recovery_services_vault.recovery_vault",
            "module.common.azurerm_storage_account.storage_account",
            "module.network.azurerm_network_security_group.nsg",
            "module.network.azurerm_subnet.network-subnet",
            "module.network.azurerm_subnet_network_security_group_association.subnet-nsg",
            "module.network.azurerm_virtual_network.network",
            "module.rgroup.azurerm_resource_group.rgroup",
            "module.vmlinux.azurerm_availability_set.avail_set",
            "module.vmlinux.azurerm_linux_virtual_machine.vm-linux",
            "module.vmlinux.azurerm_network_interface.vm-net-interface",
            "module.vmlinux.azurerm_public_ip.vm-public-ip",
            "module.vmlinux.azurerm_virtual_machine_extension.azure_monitor",
            "module.vmlinux.azurerm_virtual_machine_extension.linux-vm-network-watcher",
            "module.vmwindows.azurerm_availability_set.window_avail_set",
            "module.vmwindows.azurerm_network_interface.network-interface",
            "module.vmwindows.azurerm_public_ip.vm-public-ip-1",
            "module.vmwindows.azurerm_virtual_machine_extension.extension",
            "module.vmwindows.azurerm_windows_virtual_machine.window_vm"
          ]
        },
        {
          "index_key": 2,
          "schema_version": 1,
          "attributes": {
            "create_option": "Empty",
            "disk_access_id": "",
            "disk_encryption_set_id": "",
            "disk_iops_read_only": 0,
            "disk_iops_read_write": 500,
            "disk_mbps_read_only": 0,
            "disk_mbps_read_write": 60,
            "disk_size_gb": 10,
            "edge_zone": "",
            "encryption_settings": [],
            "gallery_image_reference_id": "",
            "hyper_v_generation": "",
            "id": "/subscriptions/c1ccde25-6894-4122-834a-1e10d99da931/resourceGroups/N01579923-RG/providers/Microsoft.Compute/disks/vmlinux-N015799231-data-disk3",
            "image_reference_id": "",
            "location": "canadacentral",
            "logical_sector_size": null,
            "max_shares": 0,
            "name": "vmlinux-N015799231-data-disk3",
            "network_access_policy": null,
            "on_demand_bursting_enabled": false,
            "os_type": "",
            "public_network_access_enabled": true,
            "resource_group_name": "N01579923-RG",
            "secure_vm_disk_encryption_set_id": "",
            "security_type": "",
            "source_resource_id": "",
            "source_uri": "",
            "storage_account_id": "",
            "storage_account_type": "Standard_LRS",
            "tags": {
              "Assignment": "CCGC 5502 Automation Assignment",
              "Environment": "Learning",
              "ExpirationDate": "2024-12-31",
              "Name": "anjali.prajapati"
            },
            "tier": "",
            "timeouts": null,
            "trusted_launch_enabled": false,
            "upload_size_bytes": 0,
            "zone": ""
          },
          "sensitive_attributes": [],
          "private": "eyJlMmJmYjczMC1lY2FhLTExZTYtOGY4OC0zNDM2M2JjN2M0YzAiOnsiY3JlYXRlIjoxODAwMDAwMDAwMDAwLCJkZWxldGUiOjE4MDAwMDAwMDAwMDAsInJlYWQiOjMwMDAwMDAwMDAwMCwidXBkYXRlIjoxODAwMDAwMDAwMDAwfSwic2NoZW1hX3ZlcnNpb24iOiIxIn0=",
          "dependencies": [
            "module.common.azurerm_log_analytics_workspace.log_analytics_workspace",
            "module.common.azurerm_recovery_services_vault.recovery_vault",
            "module.common.azurerm_storage_account.storage_account",
            "module.network.azurerm_network_security_group.nsg",
            "module.network.azurerm_subnet.network-subnet",
            "module.network.azurerm_subnet_network_security_group_association.subnet-nsg",
            "module.network.azurerm_virtual_network.network",
            "module.rgroup.azurerm_resource_group.rgroup",
            "module.vmlinux.azurerm_availability_set.avail_set",
            "module.vmlinux.azurerm_linux_virtual_machine.vm-linux",
            "module.vmlinux.azurerm_network_interface.vm-net-interface",
            "module.vmlinux.azurerm_public_ip.vm-public-ip",
            "module.vmlinux.azurerm_virtual_machine_extension.azure_monitor",
            "module.vmlinux.azurerm_virtual_machine_extension.linux-vm-network-watcher",
            "module.vmwindows.azurerm_availability_set.window_avail_set",
            "module.vmwindows.azurerm_network_interface.network-interface",
            "module.vmwindows.azurerm_public_ip.vm-public-ip-1",
            "module.vmwindows.azurerm_virtual_machine_extension.extension",
            "module.vmwindows.azurerm_windows_virtual_machine.window_vm"
          ]
        }
      ]
    },
    {
      "module": "module.datadisk",
      "mode": "managed",
      "type": "azurerm_virtual_machine_data_disk_attachment",
      "name": "disk_management",
      "provider": "provider[\"registry.terraform.io/hashicorp/azurerm\"]",
      "instances": [
        {
          "index_key": 0,
          "schema_version": 0,
          "attributes": {
            "caching": "ReadWrite",
            "create_option": "Attach",
            "id": "/subscriptions/c1ccde25-6894-4122-834a-1e10d99da931/resourceGroups/N01579923-RG/providers/Microsoft.Compute/virtualMachines/N01579923-vm1/dataDisks/N01579923-vm1-data-disk1",
            "lun": 0,
            "managed_disk_id": "/subscriptions/c1ccde25-6894-4122-834a-1e10d99da931/resourceGroups/N01579923-RG/providers/Microsoft.Compute/disks/N01579923-vm1-data-disk1",
            "timeouts": null,
            "virtual_machine_id": "/subscriptions/c1ccde25-6894-4122-834a-1e10d99da931/resourceGroups/N01579923-RG/providers/Microsoft.Compute/virtualMachines/N01579923-vm1",
            "write_accelerator_enabled": false
          },
          "sensitive_attributes": [],
          "private": "eyJlMmJmYjczMC1lY2FhLTExZTYtOGY4OC0zNDM2M2JjN2M0YzAiOnsiY3JlYXRlIjoxODAwMDAwMDAwMDAwLCJkZWxldGUiOjE4MDAwMDAwMDAwMDAsInJlYWQiOjMwMDAwMDAwMDAwMCwidXBkYXRlIjoxODAwMDAwMDAwMDAwfX0=",
          "dependencies": [
            "module.common.azurerm_log_analytics_workspace.log_analytics_workspace",
            "module.common.azurerm_recovery_services_vault.recovery_vault",
            "module.common.azurerm_storage_account.storage_account",
            "module.datadisk.azurerm_managed_disk.data_disk",
            "module.network.azurerm_network_security_group.nsg",
            "module.network.azurerm_subnet.network-subnet",
            "module.network.azurerm_subnet_network_security_group_association.subnet-nsg",
            "module.network.azurerm_virtual_network.network",
            "module.rgroup.azurerm_resource_group.rgroup",
            "module.vmlinux.azurerm_availability_set.avail_set",
            "module.vmlinux.azurerm_linux_virtual_machine.vm-linux",
            "module.vmlinux.azurerm_network_interface.vm-net-interface",
            "module.vmlinux.azurerm_public_ip.vm-public-ip",
            "module.vmlinux.azurerm_virtual_machine_extension.azure_monitor",
            "module.vmlinux.azurerm_virtual_machine_extension.linux-vm-network-watcher",
            "module.vmwindows.azurerm_availability_set.window_avail_set",
            "module.vmwindows.azurerm_network_interface.network-interface",
            "module.vmwindows.azurerm_public_ip.vm-public-ip-1",
            "module.vmwindows.azurerm_virtual_machine_extension.extension",
            "module.vmwindows.azurerm_windows_virtual_machine.window_vm"
          ]
        }
      ]
    },
    {
      "module": "module.datadisk",
      "mode": "managed",
      "type": "azurerm_virtual_machine_data_disk_attachment",
      "name": "vm-linux-disk-mngt",
      "provider": "provider[\"registry.terraform.io/hashicorp/azurerm\"]",
      "instances": [
        {
          "index_key": 0,
          "schema_version": 0,
          "attributes": {
            "caching": "ReadWrite",
            "create_option": "Attach",
            "id": "/subscriptions/c1ccde25-6894-4122-834a-1e10d99da931/resourceGroups/N01579923-RG/providers/Microsoft.Compute/virtualMachines/vmlinux-N015799231/dataDisks/vmlinux-N015799231-data-disk2",
            "lun": 0,
            "managed_disk_id": "/subscriptions/c1ccde25-6894-4122-834a-1e10d99da931/resourceGroups/N01579923-RG/providers/Microsoft.Compute/disks/vmlinux-N015799231-data-disk2",
            "timeouts": null,
            "virtual_machine_id": "/subscriptions/c1ccde25-6894-4122-834a-1e10d99da931/resourceGroups/N01579923-RG/providers/Microsoft.Compute/virtualMachines/vmlinux-N015799231",
            "write_accelerator_enabled": false
          },
          "sensitive_attributes": [],
          "private": "eyJlMmJmYjczMC1lY2FhLTExZTYtOGY4OC0zNDM2M2JjN2M0YzAiOnsiY3JlYXRlIjoxODAwMDAwMDAwMDAwLCJkZWxldGUiOjE4MDAwMDAwMDAwMDAsInJlYWQiOjMwMDAwMDAwMDAwMCwidXBkYXRlIjoxODAwMDAwMDAwMDAwfX0=",
          "dependencies": [
            "module.common.azurerm_log_analytics_workspace.log_analytics_workspace",
            "module.common.azurerm_recovery_services_vault.recovery_vault",
            "module.common.azurerm_storage_account.storage_account",
            "module.datadisk.azurerm_managed_disk.linux_data_disk",
            "module.network.azurerm_network_security_group.nsg",
            "module.network.azurerm_subnet.network-subnet",
            "module.network.azurerm_subnet_network_security_group_association.subnet-nsg",
            "module.network.azurerm_virtual_network.network",
            "module.rgroup.azurerm_resource_group.rgroup",
            "module.vmlinux.azurerm_availability_set.avail_set",
            "module.vmlinux.azurerm_linux_virtual_machine.vm-linux",
            "module.vmlinux.azurerm_network_interface.vm-net-interface",
            "module.vmlinux.azurerm_public_ip.vm-public-ip",
            "module.vmlinux.azurerm_virtual_machine_extension.azure_monitor",
            "module.vmlinux.azurerm_virtual_machine_extension.linux-vm-network-watcher",
            "module.vmwindows.azurerm_availability_set.window_avail_set",
            "module.vmwindows.azurerm_network_interface.network-interface",
            "module.vmwindows.azurerm_public_ip.vm-public-ip-1",
            "module.vmwindows.azurerm_virtual_machine_extension.extension",
            "module.vmwindows.azurerm_windows_virtual_machine.window_vm"
          ]
        },
        {
          "index_key": 1,
          "schema_version": 0,
          "attributes": {
            "caching": "ReadWrite",
            "create_option": "Attach",
            "id": "/subscriptions/c1ccde25-6894-4122-834a-1e10d99da931/resourceGroups/N01579923-RG/providers/Microsoft.Compute/virtualMachines/vmlinux-N015799232/dataDisks/vmlinux-N015799231-data-disk3",
            "lun": 0,
            "managed_disk_id": "/subscriptions/c1ccde25-6894-4122-834a-1e10d99da931/resourceGroups/N01579923-RG/providers/Microsoft.Compute/disks/vmlinux-N015799231-data-disk3",
            "timeouts": null,
            "virtual_machine_id": "/subscriptions/c1ccde25-6894-4122-834a-1e10d99da931/resourceGroups/N01579923-RG/providers/Microsoft.Compute/virtualMachines/vmlinux-N015799232",
            "write_accelerator_enabled": false
          },
          "sensitive_attributes": [],
          "private": "eyJlMmJmYjczMC1lY2FhLTExZTYtOGY4OC0zNDM2M2JjN2M0YzAiOnsiY3JlYXRlIjoxODAwMDAwMDAwMDAwLCJkZWxldGUiOjE4MDAwMDAwMDAwMDAsInJlYWQiOjMwMDAwMDAwMDAwMCwidXBkYXRlIjoxODAwMDAwMDAwMDAwfX0=",
          "dependencies": [
            "module.common.azurerm_log_analytics_workspace.log_analytics_workspace",
            "module.common.azurerm_recovery_services_vault.recovery_vault",
            "module.common.azurerm_storage_account.storage_account",
            "module.datadisk.azurerm_managed_disk.linux_data_disk",
            "module.network.azurerm_network_security_group.nsg",
            "module.network.azurerm_subnet.network-subnet",
            "module.network.azurerm_subnet_network_security_group_association.subnet-nsg",
            "module.network.azurerm_virtual_network.network",
            "module.rgroup.azurerm_resource_group.rgroup",
            "module.vmlinux.azurerm_availability_set.avail_set",
            "module.vmlinux.azurerm_linux_virtual_machine.vm-linux",
            "module.vmlinux.azurerm_network_interface.vm-net-interface",
            "module.vmlinux.azurerm_public_ip.vm-public-ip",
            "module.vmlinux.azurerm_virtual_machine_extension.azure_monitor",
            "module.vmlinux.azurerm_virtual_machine_extension.linux-vm-network-watcher",
            "module.vmwindows.azurerm_availability_set.window_avail_set",
            "module.vmwindows.azurerm_network_interface.network-interface",
            "module.vmwindows.azurerm_public_ip.vm-public-ip-1",
            "module.vmwindows.azurerm_virtual_machine_extension.extension",
            "module.vmwindows.azurerm_windows_virtual_machine.window_vm"
          ]
        },
        {
          "index_key": 2,
          "schema_version": 0,
          "attributes": {
            "caching": "ReadWrite",
            "create_option": "Attach",
            "id": "/subscriptions/c1ccde25-6894-4122-834a-1e10d99da931/resourceGroups/N01579923-RG/providers/Microsoft.Compute/virtualMachines/vmlinux-N015799233/dataDisks/vmlinux-N015799231-data-disk1",
            "lun": 0,
            "managed_disk_id": "/subscriptions/c1ccde25-6894-4122-834a-1e10d99da931/resourceGroups/N01579923-RG/providers/Microsoft.Compute/disks/vmlinux-N015799231-data-disk1",
            "timeouts": null,
            "virtual_machine_id": "/subscriptions/c1ccde25-6894-4122-834a-1e10d99da931/resourceGroups/N01579923-RG/providers/Microsoft.Compute/virtualMachines/vmlinux-N015799233",
            "write_accelerator_enabled": false
          },
          "sensitive_attributes": [],
          "private": "eyJlMmJmYjczMC1lY2FhLTExZTYtOGY4OC0zNDM2M2JjN2M0YzAiOnsiY3JlYXRlIjoxODAwMDAwMDAwMDAwLCJkZWxldGUiOjE4MDAwMDAwMDAwMDAsInJlYWQiOjMwMDAwMDAwMDAwMCwidXBkYXRlIjoxODAwMDAwMDAwMDAwfX0=",
          "dependencies": [
            "module.common.azurerm_log_analytics_workspace.log_analytics_workspace",
            "module.common.azurerm_recovery_services_vault.recovery_vault",
            "module.common.azurerm_storage_account.storage_account",
            "module.datadisk.azurerm_managed_disk.linux_data_disk",
            "module.network.azurerm_network_security_group.nsg",
            "module.network.azurerm_subnet.network-subnet",
            "module.network.azurerm_subnet_network_security_group_association.subnet-nsg",
            "module.network.azurerm_virtual_network.network",
            "module.rgroup.azurerm_resource_group.rgroup",
            "module.vmlinux.azurerm_availability_set.avail_set",
            "module.vmlinux.azurerm_linux_virtual_machine.vm-linux",
            "module.vmlinux.azurerm_network_interface.vm-net-interface",
            "module.vmlinux.azurerm_public_ip.vm-public-ip",
            "module.vmlinux.azurerm_virtual_machine_extension.azure_monitor",
            "module.vmlinux.azurerm_virtual_machine_extension.linux-vm-network-watcher",
            "module.vmwindows.azurerm_availability_set.window_avail_set",
            "module.vmwindows.azurerm_network_interface.network-interface",
            "module.vmwindows.azurerm_public_ip.vm-public-ip-1",
            "module.vmwindows.azurerm_virtual_machine_extension.extension",
            "module.vmwindows.azurerm_windows_virtual_machine.window_vm"
          ]
        }
      ]
    },
    {
      "module": "module.loadbalancer",
      "mode": "managed",
      "type": "azurerm_lb",
      "name": "linux_loadbalancer",
      "provider": "provider[\"registry.terraform.io/hashicorp/azurerm\"]",
      "instances": [
        {
          "schema_version": 0,
          "attributes": {
            "edge_zone": "",
            "frontend_ip_configuration": [
              {
                "gateway_load_balancer_frontend_ip_configuration_id": "",
                "id": "/subscriptions/c1ccde25-6894-4122-834a-1e10d99da931/resourceGroups/N01579923-RG/providers/Microsoft.Network/loadBalancers/linux_lb/frontendIPConfigurations/PublicIPAddress",
                "inbound_nat_rules": [],
                "load_balancer_rules": [],
                "name": "PublicIPAddress",
                "outbound_rules": [],
                "private_ip_address": "",
                "private_ip_address_allocation": "Dynamic",
                "private_ip_address_version": "",
                "public_ip_address_id": "/subscriptions/c1ccde25-6894-4122-834a-1e10d99da931/resourceGroups/N01579923-RG/providers/Microsoft.Network/publicIPAddresses/PublicIPForLB",
                "public_ip_prefix_id": "",
                "subnet_id": "",
                "zones": null
              }
            ],
            "id": "/subscriptions/c1ccde25-6894-4122-834a-1e10d99da931/resourceGroups/N01579923-RG/providers/Microsoft.Network/loadBalancers/linux_lb",
            "location": "canadacentral",
            "name": "linux_lb",
            "private_ip_address": "",
            "private_ip_addresses": [],
            "resource_group_name": "N01579923-RG",
            "sku": "Basic",
            "sku_tier": "Regional",
            "tags": {
              "Assignment": "CCGC 5502 Automation Assignment",
              "Environment": "Learning",
              "ExpirationDate": "2024-12-31",
              "Name": "anjali.prajapati"
            },
            "timeouts": null
          },
          "sensitive_attributes": [],
          "private": "eyJlMmJmYjczMC1lY2FhLTExZTYtOGY4OC0zNDM2M2JjN2M0YzAiOnsiY3JlYXRlIjoxODAwMDAwMDAwMDAwLCJkZWxldGUiOjE4MDAwMDAwMDAwMDAsInJlYWQiOjMwMDAwMDAwMDAwMCwidXBkYXRlIjoxODAwMDAwMDAwMDAwfX0=",
          "dependencies": [
            "module.common.azurerm_log_analytics_workspace.log_analytics_workspace",
            "module.common.azurerm_recovery_services_vault.recovery_vault",
            "module.common.azurerm_storage_account.storage_account",
            "module.loadbalancer.azurerm_public_ip.public_ip",
            "module.network.azurerm_network_security_group.nsg",
            "module.network.azurerm_subnet.network-subnet",
            "module.network.azurerm_subnet_network_security_group_association.subnet-nsg",
            "module.network.azurerm_virtual_network.network",
            "module.rgroup.azurerm_resource_group.rgroup",
            "module.vmlinux.azurerm_availability_set.avail_set",
            "module.vmlinux.azurerm_linux_virtual_machine.vm-linux",
            "module.vmlinux.azurerm_network_interface.vm-net-interface",
            "module.vmlinux.azurerm_public_ip.vm-public-ip",
            "module.vmlinux.azurerm_virtual_machine_extension.azure_monitor",
            "module.vmlinux.azurerm_virtual_machine_extension.linux-vm-network-watcher"
          ]
        }
      ]
    },
    {
      "module": "module.loadbalancer",
      "mode": "managed",
      "type": "azurerm_lb_backend_address_pool",
      "name": "address_pool",
      "provider": "provider[\"registry.terraform.io/hashicorp/azurerm\"]",
      "instances": [
        {
          "schema_version": 0,
          "attributes": {
            "backend_ip_configurations": [],
            "id": "/subscriptions/c1ccde25-6894-4122-834a-1e10d99da931/resourceGroups/N01579923-RG/providers/Microsoft.Network/loadBalancers/linux_lb/backendAddressPools/BackEndAddressPool",
            "inbound_nat_rules": [],
            "load_balancing_rules": [],
            "loadbalancer_id": "/subscriptions/c1ccde25-6894-4122-834a-1e10d99da931/resourceGroups/N01579923-RG/providers/Microsoft.Network/loadBalancers/linux_lb",
            "name": "BackEndAddressPool",
            "outbound_rules": [],
            "timeouts": null,
            "tunnel_interface": [],
            "virtual_network_id": ""
          },
          "sensitive_attributes": [],
          "private": "eyJlMmJmYjczMC1lY2FhLTExZTYtOGY4OC0zNDM2M2JjN2M0YzAiOnsiY3JlYXRlIjoxODAwMDAwMDAwMDAwLCJkZWxldGUiOjE4MDAwMDAwMDAwMDAsInJlYWQiOjMwMDAwMDAwMDAwMCwidXBkYXRlIjoxODAwMDAwMDAwMDAwfX0=",
          "dependencies": [
            "module.common.azurerm_log_analytics_workspace.log_analytics_workspace",
            "module.common.azurerm_recovery_services_vault.recovery_vault",
            "module.common.azurerm_storage_account.storage_account",
            "module.loadbalancer.azurerm_lb.linux_loadbalancer",
            "module.loadbalancer.azurerm_public_ip.public_ip",
            "module.network.azurerm_network_security_group.nsg",
            "module.network.azurerm_subnet.network-subnet",
            "module.network.azurerm_subnet_network_security_group_association.subnet-nsg",
            "module.network.azurerm_virtual_network.network",
            "module.rgroup.azurerm_resource_group.rgroup",
            "module.vmlinux.azurerm_availability_set.avail_set",
            "module.vmlinux.azurerm_linux_virtual_machine.vm-linux",
            "module.vmlinux.azurerm_network_interface.vm-net-interface",
            "module.vmlinux.azurerm_public_ip.vm-public-ip",
            "module.vmlinux.azurerm_virtual_machine_extension.azure_monitor",
            "module.vmlinux.azurerm_virtual_machine_extension.linux-vm-network-watcher"
          ]
        }
      ]
    },
    {
      "module": "module.loadbalancer",
      "mode": "managed",
      "type": "azurerm_lb_rule",
      "name": "lb_rule",
      "provider": "provider[\"registry.terraform.io/hashicorp/azurerm\"]",
      "instances": [
        {
          "schema_version": 0,
          "attributes": {
            "backend_address_pool_ids": null,
            "backend_port": 22,
            "disable_outbound_snat": false,
            "enable_floating_ip": false,
            "enable_tcp_reset": false,
            "frontend_ip_configuration_id": "/subscriptions/c1ccde25-6894-4122-834a-1e10d99da931/resourceGroups/N01579923-RG/providers/Microsoft.Network/loadBalancers/linux_lb/frontendIPConfigurations/PublicIPAddress",
            "frontend_ip_configuration_name": "PublicIPAddress",
            "frontend_port": 22,
            "id": "/subscriptions/c1ccde25-6894-4122-834a-1e10d99da931/resourceGroups/N01579923-RG/providers/Microsoft.Network/loadBalancers/linux_lb/loadBalancingRules/LBRule",
            "idle_timeout_in_minutes": 4,
            "load_distribution": "Default",
            "loadbalancer_id": "/subscriptions/c1ccde25-6894-4122-834a-1e10d99da931/resourceGroups/N01579923-RG/providers/Microsoft.Network/loadBalancers/linux_lb",
            "name": "LBRule",
            "probe_id": "",
            "protocol": "Tcp",
            "timeouts": null
          },
          "sensitive_attributes": [],
          "private": "eyJlMmJmYjczMC1lY2FhLTExZTYtOGY4OC0zNDM2M2JjN2M0YzAiOnsiY3JlYXRlIjoxODAwMDAwMDAwMDAwLCJkZWxldGUiOjE4MDAwMDAwMDAwMDAsInJlYWQiOjMwMDAwMDAwMDAwMCwidXBkYXRlIjoxODAwMDAwMDAwMDAwfX0=",
          "dependencies": [
            "module.common.azurerm_log_analytics_workspace.log_analytics_workspace",
            "module.common.azurerm_recovery_services_vault.recovery_vault",
            "module.common.azurerm_storage_account.storage_account",
            "module.loadbalancer.azurerm_lb.linux_loadbalancer",
            "module.loadbalancer.azurerm_public_ip.public_ip",
            "module.network.azurerm_network_security_group.nsg",
            "module.network.azurerm_subnet.network-subnet",
            "module.network.azurerm_subnet_network_security_group_association.subnet-nsg",
            "module.network.azurerm_virtual_network.network",
            "module.rgroup.azurerm_resource_group.rgroup",
            "module.vmlinux.azurerm_availability_set.avail_set",
            "module.vmlinux.azurerm_linux_virtual_machine.vm-linux",
            "module.vmlinux.azurerm_network_interface.vm-net-interface",
            "module.vmlinux.azurerm_public_ip.vm-public-ip",
            "module.vmlinux.azurerm_virtual_machine_extension.azure_monitor",
            "module.vmlinux.azurerm_virtual_machine_extension.linux-vm-network-watcher"
          ]
        }
      ]
    },
    {
      "module": "module.loadbalancer",
      "mode": "managed",
      "type": "azurerm_network_interface_backend_address_pool_association",
      "name": "backend_pool_assoc",
      "provider": "provider[\"registry.terraform.io/hashicorp/azurerm\"]",
      "instances": [
        {
          "index_key": 0,
          "schema_version": 0,
          "attributes": {
            "backend_address_pool_id": "/subscriptions/c1ccde25-6894-4122-834a-1e10d99da931/resourceGroups/N01579923-RG/providers/Microsoft.Network/loadBalancers/linux_lb/backendAddressPools/BackEndAddressPool",
            "id": "/subscriptions/c1ccde25-6894-4122-834a-1e10d99da931/resourceGroups/N01579923-RG/providers/Microsoft.Network/networkInterfaces/vmlinux-N01579923-nic1/ipConfigurations/vmlinux-N015799231-ipconfig11|/subscriptions/c1ccde25-6894-4122-834a-1e10d99da931/resourceGroups/N01579923-RG/providers/Microsoft.Network/loadBalancers/linux_lb/backendAddressPools/BackEndAddressPool",
            "ip_configuration_name": "vmlinux-N015799231-ipconfig11",
            "network_interface_id": "/subscriptions/c1ccde25-6894-4122-834a-1e10d99da931/resourceGroups/N01579923-RG/providers/Microsoft.Network/networkInterfaces/vmlinux-N01579923-nic1",
            "timeouts": null
          },
          "sensitive_attributes": [],
          "private": "eyJlMmJmYjczMC1lY2FhLTExZTYtOGY4OC0zNDM2M2JjN2M0YzAiOnsiY3JlYXRlIjoxODAwMDAwMDAwMDAwLCJkZWxldGUiOjE4MDAwMDAwMDAwMDAsInJlYWQiOjMwMDAwMDAwMDAwMCwidXBkYXRlIjoxODAwMDAwMDAwMDAwfX0=",
          "dependencies": [
            "module.common.azurerm_log_analytics_workspace.log_analytics_workspace",
            "module.common.azurerm_recovery_services_vault.recovery_vault",
            "module.common.azurerm_storage_account.storage_account",
            "module.loadbalancer.azurerm_lb.linux_loadbalancer",
            "module.loadbalancer.azurerm_lb_backend_address_pool.address_pool",
            "module.loadbalancer.azurerm_public_ip.public_ip",
            "module.network.azurerm_network_security_group.nsg",
            "module.network.azurerm_subnet.network-subnet",
            "module.network.azurerm_subnet_network_security_group_association.subnet-nsg",
            "module.network.azurerm_virtual_network.network",
            "module.rgroup.azurerm_resource_group.rgroup",
            "module.vmlinux.azurerm_availability_set.avail_set",
            "module.vmlinux.azurerm_linux_virtual_machine.vm-linux",
            "module.vmlinux.azurerm_network_interface.vm-net-interface",
            "module.vmlinux.azurerm_public_ip.vm-public-ip",
            "module.vmlinux.azurerm_virtual_machine_extension.azure_monitor",
            "module.vmlinux.azurerm_virtual_machine_extension.linux-vm-network-watcher"
          ]
        }
      ]
    },
    {
      "module": "module.loadbalancer",
      "mode": "managed",
      "type": "azurerm_public_ip",
      "name": "public_ip",
      "provider": "provider[\"registry.terraform.io/hashicorp/azurerm\"]",
      "instances": [
        {
          "schema_version": 0,
          "attributes": {
            "allocation_method": "Static",
            "ddos_protection_mode": "VirtualNetworkInherited",
            "ddos_protection_plan_id": null,
            "domain_name_label": null,
            "edge_zone": "",
            "fqdn": null,
            "id": "/subscriptions/c1ccde25-6894-4122-834a-1e10d99da931/resourceGroups/N01579923-RG/providers/Microsoft.Network/publicIPAddresses/PublicIPForLB",
            "idle_timeout_in_minutes": 4,
            "ip_address": "20.220.223.190",
            "ip_tags": null,
            "ip_version": "IPv4",
            "location": "canadacentral",
            "name": "PublicIPForLB",
            "public_ip_prefix_id": null,
            "resource_group_name": "N01579923-RG",
            "reverse_fqdn": null,
            "sku": "Basic",
            "sku_tier": "Regional",
            "tags": {
              "Assignment": "CCGC 5502 Automation Assignment",
              "Environment": "Learning",
              "ExpirationDate": "2024-12-31",
              "Name": "anjali.prajapati"
            },
            "timeouts": null,
            "zones": null
          },
          "sensitive_attributes": [],
          "private": "eyJlMmJmYjczMC1lY2FhLTExZTYtOGY4OC0zNDM2M2JjN2M0YzAiOnsiY3JlYXRlIjoxODAwMDAwMDAwMDAwLCJkZWxldGUiOjE4MDAwMDAwMDAwMDAsInJlYWQiOjMwMDAwMDAwMDAwMCwidXBkYXRlIjoxODAwMDAwMDAwMDAwfX0=",
          "dependencies": [
            "module.common.azurerm_log_analytics_workspace.log_analytics_workspace",
            "module.common.azurerm_recovery_services_vault.recovery_vault",
            "module.common.azurerm_storage_account.storage_account",
            "module.network.azurerm_network_security_group.nsg",
            "module.network.azurerm_subnet.network-subnet",
            "module.network.azurerm_subnet_network_security_group_association.subnet-nsg",
            "module.network.azurerm_virtual_network.network",
            "module.rgroup.azurerm_resource_group.rgroup",
            "module.vmlinux.azurerm_availability_set.avail_set",
            "module.vmlinux.azurerm_linux_virtual_machine.vm-linux",
            "module.vmlinux.azurerm_network_interface.vm-net-interface",
            "module.vmlinux.azurerm_public_ip.vm-public-ip",
            "module.vmlinux.azurerm_virtual_machine_extension.azure_monitor",
            "module.vmlinux.azurerm_virtual_machine_extension.linux-vm-network-watcher"
          ]
        }
      ]
    },
    {
      "module": "module.network",
      "mode": "managed",
      "type": "azurerm_network_security_group",
      "name": "nsg",
      "provider": "provider[\"registry.terraform.io/hashicorp/azurerm\"]",
      "instances": [
        {
          "schema_version": 0,
          "attributes": {
            "id": "/subscriptions/c1ccde25-6894-4122-834a-1e10d99da931/resourceGroups/N01579923-RG/providers/Microsoft.Network/networkSecurityGroups/N01579923-SG",
            "location": "canadacentral",
            "name": "N01579923-SG",
            "resource_group_name": "N01579923-RG",
            "security_rule": [
              {
                "access": "Allow",
                "description": "",
                "destination_address_prefix": "*",
                "destination_address_prefixes": [],
                "destination_application_security_group_ids": [],
                "destination_port_range": "22",
                "destination_port_ranges": [],
                "direction": "Inbound",
                "name": "rule1",
                "priority": 100,
                "protocol": "Tcp",
                "source_address_prefix": "*",
                "source_address_prefixes": [],
                "source_application_security_group_ids": [],
                "source_port_range": "*",
                "source_port_ranges": []
              },
              {
                "access": "Allow",
                "description": "",
                "destination_address_prefix": "*",
                "destination_address_prefixes": [],
                "destination_application_security_group_ids": [],
                "destination_port_range": "3389",
                "destination_port_ranges": [],
                "direction": "Inbound",
                "name": "rule2",
                "priority": 200,
                "protocol": "Tcp",
                "source_address_prefix": "*",
                "source_address_prefixes": [],
                "source_application_security_group_ids": [],
                "source_port_range": "*",
                "source_port_ranges": []
              },
              {
                "access": "Allow",
                "description": "",
                "destination_address_prefix": "*",
                "destination_address_prefixes": [],
                "destination_application_security_group_ids": [],
                "destination_port_range": "5985",
                "destination_port_ranges": [],
                "direction": "Inbound",
                "name": "rule3",
                "priority": 300,
                "protocol": "Tcp",
                "source_address_prefix": "*",
                "source_address_prefixes": [],
                "source_application_security_group_ids": [],
                "source_port_range": "*",
                "source_port_ranges": []
              },
              {
                "access": "Allow",
                "description": "",
                "destination_address_prefix": "*",
                "destination_address_prefixes": [],
                "destination_application_security_group_ids": [],
                "destination_port_range": "80",
                "destination_port_ranges": [],
                "direction": "Inbound",
                "name": "rule4",
                "priority": 400,
                "protocol": "Tcp",
                "source_address_prefix": "*",
                "source_address_prefixes": [],
                "source_application_security_group_ids": [],
                "source_port_range": "*",
                "source_port_ranges": []
              }
            ],
            "tags": null,
            "timeouts": null
          },
          "sensitive_attributes": [],
          "private": "eyJlMmJmYjczMC1lY2FhLTExZTYtOGY4OC0zNDM2M2JjN2M0YzAiOnsiY3JlYXRlIjoxODAwMDAwMDAwMDAwLCJkZWxldGUiOjE4MDAwMDAwMDAwMDAsInJlYWQiOjMwMDAwMDAwMDAwMCwidXBkYXRlIjoxODAwMDAwMDAwMDAwfX0=",
          "dependencies": [
            "module.rgroup.azurerm_resource_group.rgroup"
          ]
        }
      ]
    },
    {
      "module": "module.network",
      "mode": "managed",
      "type": "azurerm_subnet",
      "name": "network-subnet",
      "provider": "provider[\"registry.terraform.io/hashicorp/azurerm\"]",
      "instances": [
        {
          "schema_version": 0,
          "attributes": {
            "address_prefixes": [
              "10.0.0.0/24"
            ],
            "delegation": [],
            "enforce_private_link_endpoint_network_policies": false,
            "enforce_private_link_service_network_policies": false,
            "id": "/subscriptions/c1ccde25-6894-4122-834a-1e10d99da931/resourceGroups/N01579923-RG/providers/Microsoft.Network/virtualNetworks/N01579923-VNET/subnets/N01579923-SUBNET",
            "name": "N01579923-SUBNET",
            "private_endpoint_network_policies_enabled": true,
            "private_link_service_network_policies_enabled": true,
            "resource_group_name": "N01579923-RG",
            "service_endpoint_policy_ids": null,
            "service_endpoints": null,
            "timeouts": null,
            "virtual_network_name": "N01579923-VNET"
          },
          "sensitive_attributes": [],
          "private": "eyJlMmJmYjczMC1lY2FhLTExZTYtOGY4OC0zNDM2M2JjN2M0YzAiOnsiY3JlYXRlIjoxODAwMDAwMDAwMDAwLCJkZWxldGUiOjE4MDAwMDAwMDAwMDAsInJlYWQiOjMwMDAwMDAwMDAwMCwidXBkYXRlIjoxODAwMDAwMDAwMDAwfX0=",
          "dependencies": [
            "module.network.azurerm_virtual_network.network",
            "module.rgroup.azurerm_resource_group.rgroup"
          ]
        }
      ]
    },
    {
      "module": "module.network",
      "mode": "managed",
      "type": "azurerm_subnet_network_security_group_association",
      "name": "subnet-nsg",
      "provider": "provider[\"registry.terraform.io/hashicorp/azurerm\"]",
      "instances": [
        {
          "schema_version": 0,
          "attributes": {
            "id": "/subscriptions/c1ccde25-6894-4122-834a-1e10d99da931/resourceGroups/N01579923-RG/providers/Microsoft.Network/virtualNetworks/N01579923-VNET/subnets/N01579923-SUBNET",
            "network_security_group_id": "/subscriptions/c1ccde25-6894-4122-834a-1e10d99da931/resourceGroups/N01579923-RG/providers/Microsoft.Network/networkSecurityGroups/N01579923-SG",
            "subnet_id": "/subscriptions/c1ccde25-6894-4122-834a-1e10d99da931/resourceGroups/N01579923-RG/providers/Microsoft.Network/virtualNetworks/N01579923-VNET/subnets/N01579923-SUBNET",
            "timeouts": null
          },
          "sensitive_attributes": [],
          "private": "eyJlMmJmYjczMC1lY2FhLTExZTYtOGY4OC0zNDM2M2JjN2M0YzAiOnsiY3JlYXRlIjoxODAwMDAwMDAwMDAwLCJkZWxldGUiOjE4MDAwMDAwMDAwMDAsInJlYWQiOjMwMDAwMDAwMDAwMCwidXBkYXRlIjoxODAwMDAwMDAwMDAwfX0=",
          "dependencies": [
            "module.network.azurerm_network_security_group.nsg",
            "module.network.azurerm_subnet.network-subnet",
            "module.network.azurerm_virtual_network.network",
            "module.rgroup.azurerm_resource_group.rgroup"
          ]
        }
      ]
    },
    {
      "module": "module.network",
      "mode": "managed",
      "type": "azurerm_virtual_network",
      "name": "network",
      "provider": "provider[\"registry.terraform.io/hashicorp/azurerm\"]",
      "instances": [
        {
          "schema_version": 0,
          "attributes": {
            "address_space": [
              "10.0.0.0/16"
            ],
            "bgp_community": "",
            "ddos_protection_plan": [],
            "dns_servers": [],
            "edge_zone": "",
            "flow_timeout_in_minutes": 0,
            "guid": "a137f4db-7401-4dd7-80fe-30197e7dbe14",
            "id": "/subscriptions/c1ccde25-6894-4122-834a-1e10d99da931/resourceGroups/N01579923-RG/providers/Microsoft.Network/virtualNetworks/N01579923-VNET",
            "location": "canadacentral",
            "name": "N01579923-VNET",
            "resource_group_name": "N01579923-RG",
            "subnet": [],
            "tags": {
              "Assignment": "CCGC 5502 Automation Assignment",
              "Environment": "Learning",
              "ExpirationDate": "2024-12-31",
              "Name": "anjali.prajapati"
            },
            "timeouts": null
          },
          "sensitive_attributes": [],
          "private": "eyJlMmJmYjczMC1lY2FhLTExZTYtOGY4OC0zNDM2M2JjN2M0YzAiOnsiY3JlYXRlIjoxODAwMDAwMDAwMDAwLCJkZWxldGUiOjE4MDAwMDAwMDAwMDAsInJlYWQiOjMwMDAwMDAwMDAwMCwidXBkYXRlIjoxODAwMDAwMDAwMDAwfX0=",
          "dependencies": [
            "module.rgroup.azurerm_resource_group.rgroup"
          ]
        }
      ]
    },
    {
      "module": "module.rgroup",
      "mode": "managed",
      "type": "azurerm_resource_group",
      "name": "rgroup",
      "provider": "provider[\"registry.terraform.io/hashicorp/azurerm\"]",
      "instances": [
        {
          "schema_version": 0,
          "attributes": {
            "id": "/subscriptions/c1ccde25-6894-4122-834a-1e10d99da931/resourceGroups/N01579923-RG",
            "location": "canadacentral",
            "managed_by": "",
            "name": "N01579923-RG",
            "tags": {
              "Assignment": "CCGC 5502 Automation Assignment",
              "Environment": "Learning",
              "ExpirationDate": "2024-12-31",
              "Name": "anjali.prajapati"
            },
            "timeouts": null
          },
          "sensitive_attributes": [],
          "private": "eyJlMmJmYjczMC1lY2FhLTExZTYtOGY4OC0zNDM2M2JjN2M0YzAiOnsiY3JlYXRlIjo1NDAwMDAwMDAwMDAwLCJkZWxldGUiOjU0MDAwMDAwMDAwMDAsInJlYWQiOjMwMDAwMDAwMDAwMCwidXBkYXRlIjo1NDAwMDAwMDAwMDAwfX0="
        }
      ]
    },
    {
      "module": "module.vmlinux",
      "mode": "managed",
      "type": "azurerm_availability_set",
      "name": "avail_set",
      "provider": "provider[\"registry.terraform.io/hashicorp/azurerm\"]",
      "instances": [
        {
          "schema_version": 0,
          "attributes": {
            "id": "/subscriptions/c1ccde25-6894-4122-834a-1e10d99da931/resourceGroups/N01579923-RG/providers/Microsoft.Compute/availabilitySets/linux_avs",
            "location": "canadacentral",
            "managed": true,
            "name": "linux_avs",
            "platform_fault_domain_count": 3,
            "platform_update_domain_count": 5,
            "proximity_placement_group_id": null,
            "resource_group_name": "N01579923-RG",
            "tags": {
              "environment": "prod"
            },
            "timeouts": null
          },
          "sensitive_attributes": [],
          "private": "eyJlMmJmYjczMC1lY2FhLTExZTYtOGY4OC0zNDM2M2JjN2M0YzAiOnsiY3JlYXRlIjoxODAwMDAwMDAwMDAwLCJkZWxldGUiOjE4MDAwMDAwMDAwMDAsInJlYWQiOjMwMDAwMDAwMDAwMCwidXBkYXRlIjoxODAwMDAwMDAwMDAwfX0=",
          "dependencies": [
            "module.common.azurerm_log_analytics_workspace.log_analytics_workspace",
            "module.common.azurerm_recovery_services_vault.recovery_vault",
            "module.common.azurerm_storage_account.storage_account",
            "module.network.azurerm_network_security_group.nsg",
            "module.network.azurerm_subnet.network-subnet",
            "module.network.azurerm_subnet_network_security_group_association.subnet-nsg",
            "module.network.azurerm_virtual_network.network",
            "module.rgroup.azurerm_resource_group.rgroup"
          ]
        }
      ]
    },
    {
      "module": "module.vmlinux",
      "mode": "managed",
      "type": "azurerm_linux_virtual_machine",
      "name": "vm-linux",
      "provider": "provider[\"registry.terraform.io/hashicorp/azurerm\"]",
      "instances": [
        {
          "index_key": 0,
          "schema_version": 0,
          "attributes": {
            "additional_capabilities": [],
            "admin_password": null,
            "admin_ssh_key": [
              {
                "public_key": "ssh-rsa AAAAB3NzaC1yc2EAAAADAQABAAABgQC/wCy3S5s04q06eXO33nGa7afJRND2Szvwkh+3OavnI8808xWYpRrq7Md/xcXuRo4U5d4rccGnZBuyYg6zq9Ahuxr3tQbzFBZRw6QX7H4Omzv4cZYU7g03DkUuqXC2qsTnYsZMR/YpMQQsH1fbm9Zg8CwJo2yDE6ucJb3FZbaZF6ZsRr9wUV0DrhJfxwZ7HCc0PNDMj8zZSHyyVT9TkEP8gj87PnDRa+n08W8l/q9pcLLzX+yrZ8A/wCqrV6AOzkOtrfGREppo7RvinK+fqqbYSMzg3jjaPpFExbDsh/rhYiXo8pgMMY8raq50sydxvIBa7iO21OJyLC/e3I+jHAZ0mVWG5jeZTBc8CT++SvDlWR/MgkZiKWFj1a49Uy/ypuwNiO43QbOEy3sMIwSJyl/vi0K/UFIQ+osGl9cgl7CioODh9p9YITE7AO175Sy0Lgd96RzbnL1EQlwvY6HehLHCTMri+tRRH2mKu4SEPKKikCuffBAYCCtbHjR5ke3D7d0= DELL@DESKTOP-S7J158B\n",
                "username": "n01579923"
              }
            ],
            "admin_username": "n01579923",
            "allow_extension_operations": true,
            "availability_set_id": "/subscriptions/c1ccde25-6894-4122-834a-1e10d99da931/resourceGroups/N01579923-RG/providers/Microsoft.Compute/availabilitySets/LINUX_AVS",
            "boot_diagnostics": [
              {
                "storage_account_uri": "https://n9923sa.blob.core.windows.net/"
              }
            ],
            "capacity_reservation_group_id": "",
            "computer_name": "vmlinux-N015799231",
            "custom_data": null,
            "dedicated_host_group_id": "",
            "dedicated_host_id": "",
            "disable_password_authentication": true,
            "edge_zone": "",
            "encryption_at_host_enabled": false,
            "eviction_policy": "",
            "extensions_time_budget": "PT1H30M",
            "gallery_application": [],
            "id": "/subscriptions/c1ccde25-6894-4122-834a-1e10d99da931/resourceGroups/N01579923-RG/providers/Microsoft.Compute/virtualMachines/vmlinux-N015799231",
            "identity": [],
            "license_type": "",
            "location": "canadacentral",
            "max_bid_price": -1,
            "name": "vmlinux-N015799231",
            "network_interface_ids": [
              "/subscriptions/c1ccde25-6894-4122-834a-1e10d99da931/resourceGroups/N01579923-RG/providers/Microsoft.Network/networkInterfaces/vmlinux-N01579923-nic2"
            ],
            "os_disk": [
              {
                "caching": "ReadWrite",
                "diff_disk_settings": [],
                "disk_encryption_set_id": "",
                "disk_size_gb": 32,
                "name": "vmlinux-N01579923-os-disk1",
                "secure_vm_disk_encryption_set_id": "",
                "security_encryption_type": "",
                "storage_account_type": "Premium_LRS",
                "write_accelerator_enabled": false
              }
            ],
            "patch_assessment_mode": "ImageDefault",
            "patch_mode": "ImageDefault",
            "plan": [],
            "platform_fault_domain": -1,
            "priority": "Regular",
            "private_ip_address": "10.0.0.8",
            "private_ip_addresses": [
              "10.0.0.8"
            ],
            "provision_vm_agent": true,
            "proximity_placement_group_id": "",
            "public_ip_address": "20.116.37.146",
            "public_ip_addresses": [
              "20.116.37.146"
            ],
            "resource_group_name": "N01579923-RG",
            "secret": [],
            "secure_boot_enabled": false,
            "size": "Standard_B1s",
            "source_image_id": "",
            "source_image_reference": [
              {
                "offer": "CentOS",
                "publisher": "OpenLogic",
                "sku": "8_2",
                "version": "latest"
              }
            ],
            "tags": {
              "Assignment": "CCGC 5502 Automation Assignment",
              "Environment": "Learning",
              "ExpirationDate": "2024-12-31",
              "Name": "anjali.prajapati"
            },
            "termination_notification": null,
            "timeouts": null,
            "user_data": "",
            "virtual_machine_id": "19f789f5-3113-4f08-a4ed-ccae04989765",
            "virtual_machine_scale_set_id": "",
            "vtpm_enabled": false,
            "zone": ""
          },
          "sensitive_attributes": [],
          "private": "eyJlMmJmYjczMC1lY2FhLTExZTYtOGY4OC0zNDM2M2JjN2M0YzAiOnsiY3JlYXRlIjoyNzAwMDAwMDAwMDAwLCJkZWxldGUiOjI3MDAwMDAwMDAwMDAsInJlYWQiOjMwMDAwMDAwMDAwMCwidXBkYXRlIjoyNzAwMDAwMDAwMDAwfX0=",
          "dependencies": [
            "module.common.azurerm_log_analytics_workspace.log_analytics_workspace",
            "module.common.azurerm_recovery_services_vault.recovery_vault",
            "module.common.azurerm_storage_account.storage_account",
            "module.network.azurerm_network_security_group.nsg",
            "module.network.azurerm_subnet.network-subnet",
            "module.network.azurerm_subnet_network_security_group_association.subnet-nsg",
            "module.network.azurerm_virtual_network.network",
            "module.rgroup.azurerm_resource_group.rgroup",
            "module.vmlinux.azurerm_availability_set.avail_set",
            "module.vmlinux.azurerm_network_interface.vm-net-interface",
            "module.vmlinux.azurerm_public_ip.vm-public-ip"
          ]
        },
        {
          "index_key": 1,
          "schema_version": 0,
          "attributes": {
            "additional_capabilities": [],
            "admin_password": null,
            "admin_ssh_key": [
              {
                "public_key": "ssh-rsa AAAAB3NzaC1yc2EAAAADAQABAAABgQC/wCy3S5s04q06eXO33nGa7afJRND2Szvwkh+3OavnI8808xWYpRrq7Md/xcXuRo4U5d4rccGnZBuyYg6zq9Ahuxr3tQbzFBZRw6QX7H4Omzv4cZYU7g03DkUuqXC2qsTnYsZMR/YpMQQsH1fbm9Zg8CwJo2yDE6ucJb3FZbaZF6ZsRr9wUV0DrhJfxwZ7HCc0PNDMj8zZSHyyVT9TkEP8gj87PnDRa+n08W8l/q9pcLLzX+yrZ8A/wCqrV6AOzkOtrfGREppo7RvinK+fqqbYSMzg3jjaPpFExbDsh/rhYiXo8pgMMY8raq50sydxvIBa7iO21OJyLC/e3I+jHAZ0mVWG5jeZTBc8CT++SvDlWR/MgkZiKWFj1a49Uy/ypuwNiO43QbOEy3sMIwSJyl/vi0K/UFIQ+osGl9cgl7CioODh9p9YITE7AO175Sy0Lgd96RzbnL1EQlwvY6HehLHCTMri+tRRH2mKu4SEPKKikCuffBAYCCtbHjR5ke3D7d0= DELL@DESKTOP-S7J158B\n",
                "username": "n01579923"
              }
            ],
            "admin_username": "n01579923",
            "allow_extension_operations": true,
            "availability_set_id": "/subscriptions/c1ccde25-6894-4122-834a-1e10d99da931/resourceGroups/N01579923-RG/providers/Microsoft.Compute/availabilitySets/LINUX_AVS",
            "boot_diagnostics": [
              {
                "storage_account_uri": "https://n9923sa.blob.core.windows.net/"
              }
            ],
            "capacity_reservation_group_id": "",
            "computer_name": "vmlinux-N015799232",
            "custom_data": null,
            "dedicated_host_group_id": "",
            "dedicated_host_id": "",
            "disable_password_authentication": true,
            "edge_zone": "",
            "encryption_at_host_enabled": false,
            "eviction_policy": "",
            "extensions_time_budget": "PT1H30M",
            "gallery_application": [],
            "id": "/subscriptions/c1ccde25-6894-4122-834a-1e10d99da931/resourceGroups/N01579923-RG/providers/Microsoft.Compute/virtualMachines/vmlinux-N015799232",
            "identity": [],
            "license_type": "",
            "location": "canadacentral",
            "max_bid_price": -1,
            "name": "vmlinux-N015799232",
            "network_interface_ids": [
              "/subscriptions/c1ccde25-6894-4122-834a-1e10d99da931/resourceGroups/N01579923-RG/providers/Microsoft.Network/networkInterfaces/vmlinux-N01579923-nic3"
            ],
            "os_disk": [
              {
                "caching": "ReadWrite",
                "diff_disk_settings": [],
                "disk_encryption_set_id": "",
                "disk_size_gb": 32,
                "name": "vmlinux-N01579923-os-disk2",
                "secure_vm_disk_encryption_set_id": "",
                "security_encryption_type": "",
                "storage_account_type": "Premium_LRS",
                "write_accelerator_enabled": false
              }
            ],
            "patch_assessment_mode": "ImageDefault",
            "patch_mode": "ImageDefault",
            "plan": [],
            "platform_fault_domain": -1,
            "priority": "Regular",
            "private_ip_address": "10.0.0.6",
            "private_ip_addresses": [
              "10.0.0.6"
            ],
            "provision_vm_agent": true,
            "proximity_placement_group_id": "",
            "public_ip_address": "20.116.37.144",
            "public_ip_addresses": [
              "20.116.37.144"
            ],
            "resource_group_name": "N01579923-RG",
            "secret": [],
            "secure_boot_enabled": false,
            "size": "Standard_B1s",
            "source_image_id": "",
            "source_image_reference": [
              {
                "offer": "CentOS",
                "publisher": "OpenLogic",
                "sku": "8_2",
                "version": "latest"
              }
            ],
            "tags": {
              "Assignment": "CCGC 5502 Automation Assignment",
              "Environment": "Learning",
              "ExpirationDate": "2024-12-31",
              "Name": "anjali.prajapati"
            },
            "termination_notification": null,
            "timeouts": null,
            "user_data": "",
            "virtual_machine_id": "8a8ff051-05dc-4a76-b58e-03f2dae212a9",
            "virtual_machine_scale_set_id": "",
            "vtpm_enabled": false,
            "zone": ""
          },
          "sensitive_attributes": [],
          "private": "eyJlMmJmYjczMC1lY2FhLTExZTYtOGY4OC0zNDM2M2JjN2M0YzAiOnsiY3JlYXRlIjoyNzAwMDAwMDAwMDAwLCJkZWxldGUiOjI3MDAwMDAwMDAwMDAsInJlYWQiOjMwMDAwMDAwMDAwMCwidXBkYXRlIjoyNzAwMDAwMDAwMDAwfX0=",
          "dependencies": [
            "module.common.azurerm_log_analytics_workspace.log_analytics_workspace",
            "module.common.azurerm_recovery_services_vault.recovery_vault",
            "module.common.azurerm_storage_account.storage_account",
            "module.network.azurerm_network_security_group.nsg",
            "module.network.azurerm_subnet.network-subnet",
            "module.network.azurerm_subnet_network_security_group_association.subnet-nsg",
            "module.network.azurerm_virtual_network.network",
            "module.rgroup.azurerm_resource_group.rgroup",
            "module.vmlinux.azurerm_availability_set.avail_set",
            "module.vmlinux.azurerm_network_interface.vm-net-interface",
            "module.vmlinux.azurerm_public_ip.vm-public-ip"
          ]
        },
        {
          "index_key": 2,
          "schema_version": 0,
          "attributes": {
            "additional_capabilities": [],
            "admin_password": null,
            "admin_ssh_key": [
              {
                "public_key": "ssh-rsa AAAAB3NzaC1yc2EAAAADAQABAAABgQC/wCy3S5s04q06eXO33nGa7afJRND2Szvwkh+3OavnI8808xWYpRrq7Md/xcXuRo4U5d4rccGnZBuyYg6zq9Ahuxr3tQbzFBZRw6QX7H4Omzv4cZYU7g03DkUuqXC2qsTnYsZMR/YpMQQsH1fbm9Zg8CwJo2yDE6ucJb3FZbaZF6ZsRr9wUV0DrhJfxwZ7HCc0PNDMj8zZSHyyVT9TkEP8gj87PnDRa+n08W8l/q9pcLLzX+yrZ8A/wCqrV6AOzkOtrfGREppo7RvinK+fqqbYSMzg3jjaPpFExbDsh/rhYiXo8pgMMY8raq50sydxvIBa7iO21OJyLC/e3I+jHAZ0mVWG5jeZTBc8CT++SvDlWR/MgkZiKWFj1a49Uy/ypuwNiO43QbOEy3sMIwSJyl/vi0K/UFIQ+osGl9cgl7CioODh9p9YITE7AO175Sy0Lgd96RzbnL1EQlwvY6HehLHCTMri+tRRH2mKu4SEPKKikCuffBAYCCtbHjR5ke3D7d0= DELL@DESKTOP-S7J158B\n",
                "username": "n01579923"
              }
            ],
            "admin_username": "n01579923",
            "allow_extension_operations": true,
            "availability_set_id": "/subscriptions/c1ccde25-6894-4122-834a-1e10d99da931/resourceGroups/N01579923-RG/providers/Microsoft.Compute/availabilitySets/LINUX_AVS",
            "boot_diagnostics": [
              {
                "storage_account_uri": "https://n9923sa.blob.core.windows.net/"
              }
            ],
            "capacity_reservation_group_id": "",
            "computer_name": "vmlinux-N015799233",
            "custom_data": null,
            "dedicated_host_group_id": "",
            "dedicated_host_id": "",
            "disable_password_authentication": true,
            "edge_zone": "",
            "encryption_at_host_enabled": false,
            "eviction_policy": "",
            "extensions_time_budget": "PT1H30M",
            "gallery_application": [],
            "id": "/subscriptions/c1ccde25-6894-4122-834a-1e10d99da931/resourceGroups/N01579923-RG/providers/Microsoft.Compute/virtualMachines/vmlinux-N015799233",
            "identity": [],
            "license_type": "",
            "location": "canadacentral",
            "max_bid_price": -1,
            "name": "vmlinux-N015799233",
            "network_interface_ids": [
              "/subscriptions/c1ccde25-6894-4122-834a-1e10d99da931/resourceGroups/N01579923-RG/providers/Microsoft.Network/networkInterfaces/vmlinux-N01579923-nic1"
            ],
            "os_disk": [
              {
                "caching": "ReadWrite",
                "diff_disk_settings": [],
                "disk_encryption_set_id": "",
                "disk_size_gb": 32,
                "name": "vmlinux-N01579923-os-disk3",
                "secure_vm_disk_encryption_set_id": "",
                "security_encryption_type": "",
                "storage_account_type": "Premium_LRS",
                "write_accelerator_enabled": false
              }
            ],
            "patch_assessment_mode": "ImageDefault",
            "patch_mode": "ImageDefault",
            "plan": [],
            "platform_fault_domain": -1,
            "priority": "Regular",
            "private_ip_address": "10.0.0.7",
            "private_ip_addresses": [
              "10.0.0.7"
            ],
            "provision_vm_agent": true,
            "proximity_placement_group_id": "",
            "public_ip_address": "20.116.37.152",
            "public_ip_addresses": [
              "20.116.37.152"
            ],
            "resource_group_name": "N01579923-RG",
            "secret": [],
            "secure_boot_enabled": false,
            "size": "Standard_B1s",
            "source_image_id": "",
            "source_image_reference": [
              {
                "offer": "CentOS",
                "publisher": "OpenLogic",
                "sku": "8_2",
                "version": "latest"
              }
            ],
            "tags": {
              "Assignment": "CCGC 5502 Automation Assignment",
              "Environment": "Learning",
              "ExpirationDate": "2024-12-31",
              "Name": "anjali.prajapati"
            },
            "termination_notification": null,
            "timeouts": null,
            "user_data": "",
            "virtual_machine_id": "a9fc3a1d-3294-49f5-aa7a-0466f41bd675",
            "virtual_machine_scale_set_id": "",
            "vtpm_enabled": false,
            "zone": ""
          },
          "sensitive_attributes": [],
          "private": "eyJlMmJmYjczMC1lY2FhLTExZTYtOGY4OC0zNDM2M2JjN2M0YzAiOnsiY3JlYXRlIjoyNzAwMDAwMDAwMDAwLCJkZWxldGUiOjI3MDAwMDAwMDAwMDAsInJlYWQiOjMwMDAwMDAwMDAwMCwidXBkYXRlIjoyNzAwMDAwMDAwMDAwfX0=",
          "dependencies": [
            "module.common.azurerm_log_analytics_workspace.log_analytics_workspace",
            "module.common.azurerm_recovery_services_vault.recovery_vault",
            "module.common.azurerm_storage_account.storage_account",
            "module.network.azurerm_network_security_group.nsg",
            "module.network.azurerm_subnet.network-subnet",
            "module.network.azurerm_subnet_network_security_group_association.subnet-nsg",
            "module.network.azurerm_virtual_network.network",
            "module.rgroup.azurerm_resource_group.rgroup",
            "module.vmlinux.azurerm_availability_set.avail_set",
            "module.vmlinux.azurerm_network_interface.vm-net-interface",
            "module.vmlinux.azurerm_public_ip.vm-public-ip"
          ]
        }
      ]
    },
    {
      "module": "module.vmlinux",
      "mode": "managed",
      "type": "azurerm_network_interface",
      "name": "vm-net-interface",
      "provider": "provider[\"registry.terraform.io/hashicorp/azurerm\"]",
      "instances": [
        {
          "index_key": 0,
          "schema_version": 0,
          "attributes": {
            "applied_dns_servers": [],
            "dns_servers": [],
            "edge_zone": "",
            "enable_accelerated_networking": false,
            "enable_ip_forwarding": false,
            "id": "/subscriptions/c1ccde25-6894-4122-834a-1e10d99da931/resourceGroups/N01579923-RG/providers/Microsoft.Network/networkInterfaces/vmlinux-N01579923-nic1",
            "internal_dns_name_label": "",
            "internal_domain_name_suffix": "1p0dpiibotlu1ah4gamx25n4ce.ux.internal.cloudapp.net",
            "ip_configuration": [
              {
                "gateway_load_balancer_frontend_ip_configuration_id": "",
                "name": "vmlinux-N015799231-ipconfig11",
                "primary": true,
                "private_ip_address": "10.0.0.7",
                "private_ip_address_allocation": "Dynamic",
                "private_ip_address_version": "IPv4",
                "public_ip_address_id": "/subscriptions/c1ccde25-6894-4122-834a-1e10d99da931/resourceGroups/N01579923-RG/providers/Microsoft.Network/publicIPAddresses/vmlinux-N01579923-pip2",
                "subnet_id": "/subscriptions/c1ccde25-6894-4122-834a-1e10d99da931/resourceGroups/N01579923-RG/providers/Microsoft.Network/virtualNetworks/N01579923-VNET/subnets/N01579923-SUBNET"
              }
            ],
            "location": "canadacentral",
            "mac_address": "",
            "name": "vmlinux-N01579923-nic1",
            "private_ip_address": "10.0.0.7",
            "private_ip_addresses": [
              "10.0.0.7"
            ],
            "resource_group_name": "N01579923-RG",
            "tags": {
              "Assignment": "CCGC 5502 Automation Assignment",
              "Environment": "Learning",
              "ExpirationDate": "2024-12-31",
              "Name": "anjali.prajapati"
            },
            "timeouts": null,
            "virtual_machine_id": ""
          },
          "sensitive_attributes": [],
          "private": "eyJlMmJmYjczMC1lY2FhLTExZTYtOGY4OC0zNDM2M2JjN2M0YzAiOnsiY3JlYXRlIjoxODAwMDAwMDAwMDAwLCJkZWxldGUiOjE4MDAwMDAwMDAwMDAsInJlYWQiOjMwMDAwMDAwMDAwMCwidXBkYXRlIjoxODAwMDAwMDAwMDAwfX0=",
          "dependencies": [
            "module.common.azurerm_log_analytics_workspace.log_analytics_workspace",
            "module.common.azurerm_recovery_services_vault.recovery_vault",
            "module.common.azurerm_storage_account.storage_account",
            "module.network.azurerm_network_security_group.nsg",
            "module.network.azurerm_subnet.network-subnet",
            "module.network.azurerm_subnet_network_security_group_association.subnet-nsg",
            "module.network.azurerm_virtual_network.network",
            "module.rgroup.azurerm_resource_group.rgroup",
            "module.vmlinux.azurerm_public_ip.vm-public-ip"
          ]
        },
        {
          "index_key": 1,
          "schema_version": 0,
          "attributes": {
            "applied_dns_servers": [],
            "dns_servers": [],
            "edge_zone": "",
            "enable_accelerated_networking": false,
            "enable_ip_forwarding": false,
            "id": "/subscriptions/c1ccde25-6894-4122-834a-1e10d99da931/resourceGroups/N01579923-RG/providers/Microsoft.Network/networkInterfaces/vmlinux-N01579923-nic2",
            "internal_dns_name_label": "",
            "internal_domain_name_suffix": "1p0dpiibotlu1ah4gamx25n4ce.ux.internal.cloudapp.net",
            "ip_configuration": [
              {
                "gateway_load_balancer_frontend_ip_configuration_id": "",
                "name": "vmlinux-N015799231-ipconfig12",
                "primary": true,
                "private_ip_address": "10.0.0.8",
                "private_ip_address_allocation": "Dynamic",
                "private_ip_address_version": "IPv4",
                "public_ip_address_id": "/subscriptions/c1ccde25-6894-4122-834a-1e10d99da931/resourceGroups/N01579923-RG/providers/Microsoft.Network/publicIPAddresses/vmlinux-N01579923-pip3",
                "subnet_id": "/subscriptions/c1ccde25-6894-4122-834a-1e10d99da931/resourceGroups/N01579923-RG/providers/Microsoft.Network/virtualNetworks/N01579923-VNET/subnets/N01579923-SUBNET"
              }
            ],
            "location": "canadacentral",
            "mac_address": "",
            "name": "vmlinux-N01579923-nic2",
            "private_ip_address": "10.0.0.8",
            "private_ip_addresses": [
              "10.0.0.8"
            ],
            "resource_group_name": "N01579923-RG",
            "tags": {
              "Assignment": "CCGC 5502 Automation Assignment",
              "Environment": "Learning",
              "ExpirationDate": "2024-12-31",
              "Name": "anjali.prajapati"
            },
            "timeouts": null,
            "virtual_machine_id": ""
          },
          "sensitive_attributes": [],
          "private": "eyJlMmJmYjczMC1lY2FhLTExZTYtOGY4OC0zNDM2M2JjN2M0YzAiOnsiY3JlYXRlIjoxODAwMDAwMDAwMDAwLCJkZWxldGUiOjE4MDAwMDAwMDAwMDAsInJlYWQiOjMwMDAwMDAwMDAwMCwidXBkYXRlIjoxODAwMDAwMDAwMDAwfX0=",
          "dependencies": [
            "module.common.azurerm_log_analytics_workspace.log_analytics_workspace",
            "module.common.azurerm_recovery_services_vault.recovery_vault",
            "module.common.azurerm_storage_account.storage_account",
            "module.network.azurerm_network_security_group.nsg",
            "module.network.azurerm_subnet.network-subnet",
            "module.network.azurerm_subnet_network_security_group_association.subnet-nsg",
            "module.network.azurerm_virtual_network.network",
            "module.rgroup.azurerm_resource_group.rgroup",
            "module.vmlinux.azurerm_public_ip.vm-public-ip"
          ]
        },
        {
          "index_key": 2,
          "schema_version": 0,
          "attributes": {
            "applied_dns_servers": [],
            "dns_servers": [],
            "edge_zone": "",
            "enable_accelerated_networking": false,
            "enable_ip_forwarding": false,
            "id": "/subscriptions/c1ccde25-6894-4122-834a-1e10d99da931/resourceGroups/N01579923-RG/providers/Microsoft.Network/networkInterfaces/vmlinux-N01579923-nic3",
            "internal_dns_name_label": "",
            "internal_domain_name_suffix": "1p0dpiibotlu1ah4gamx25n4ce.ux.internal.cloudapp.net",
            "ip_configuration": [
              {
                "gateway_load_balancer_frontend_ip_configuration_id": "",
                "name": "vmlinux-N015799231-ipconfig13",
                "primary": true,
                "private_ip_address": "10.0.0.6",
                "private_ip_address_allocation": "Dynamic",
                "private_ip_address_version": "IPv4",
                "public_ip_address_id": "/subscriptions/c1ccde25-6894-4122-834a-1e10d99da931/resourceGroups/N01579923-RG/providers/Microsoft.Network/publicIPAddresses/vmlinux-N01579923-pip1",
                "subnet_id": "/subscriptions/c1ccde25-6894-4122-834a-1e10d99da931/resourceGroups/N01579923-RG/providers/Microsoft.Network/virtualNetworks/N01579923-VNET/subnets/N01579923-SUBNET"
              }
            ],
            "location": "canadacentral",
            "mac_address": "",
            "name": "vmlinux-N01579923-nic3",
            "private_ip_address": "10.0.0.6",
            "private_ip_addresses": [
              "10.0.0.6"
            ],
            "resource_group_name": "N01579923-RG",
            "tags": {
              "Assignment": "CCGC 5502 Automation Assignment",
              "Environment": "Learning",
              "ExpirationDate": "2024-12-31",
              "Name": "anjali.prajapati"
            },
            "timeouts": null,
            "virtual_machine_id": ""
          },
          "sensitive_attributes": [],
          "private": "eyJlMmJmYjczMC1lY2FhLTExZTYtOGY4OC0zNDM2M2JjN2M0YzAiOnsiY3JlYXRlIjoxODAwMDAwMDAwMDAwLCJkZWxldGUiOjE4MDAwMDAwMDAwMDAsInJlYWQiOjMwMDAwMDAwMDAwMCwidXBkYXRlIjoxODAwMDAwMDAwMDAwfX0=",
          "dependencies": [
            "module.common.azurerm_log_analytics_workspace.log_analytics_workspace",
            "module.common.azurerm_recovery_services_vault.recovery_vault",
            "module.common.azurerm_storage_account.storage_account",
            "module.network.azurerm_network_security_group.nsg",
            "module.network.azurerm_subnet.network-subnet",
            "module.network.azurerm_subnet_network_security_group_association.subnet-nsg",
            "module.network.azurerm_virtual_network.network",
            "module.rgroup.azurerm_resource_group.rgroup",
            "module.vmlinux.azurerm_public_ip.vm-public-ip"
          ]
        }
      ]
    },
    {
      "module": "module.vmlinux",
      "mode": "managed",
      "type": "azurerm_public_ip",
      "name": "vm-public-ip",
      "provider": "provider[\"registry.terraform.io/hashicorp/azurerm\"]",
      "instances": [
        {
          "index_key": 0,
          "schema_version": 0,
          "attributes": {
            "allocation_method": "Dynamic",
            "ddos_protection_mode": "VirtualNetworkInherited",
            "ddos_protection_plan_id": null,
            "domain_name_label": "domain9923-vmlinux-n01579923-1",
            "edge_zone": "",
            "fqdn": "domain9923-vmlinux-n01579923-1.canadacentral.cloudapp.azure.com",
            "id": "/subscriptions/c1ccde25-6894-4122-834a-1e10d99da931/resourceGroups/N01579923-RG/providers/Microsoft.Network/publicIPAddresses/vmlinux-N01579923-pip1",
            "idle_timeout_in_minutes": 30,
            "ip_address": "",
            "ip_tags": null,
            "ip_version": "IPv4",
            "location": "canadacentral",
            "name": "vmlinux-N01579923-pip1",
            "public_ip_prefix_id": null,
            "resource_group_name": "N01579923-RG",
            "reverse_fqdn": "",
            "sku": "Basic",
            "sku_tier": "Regional",
            "tags": {
              "Assignment": "CCGC 5502 Automation Assignment",
              "Environment": "Learning",
              "ExpirationDate": "2024-12-31",
              "Name": "anjali.prajapati"
            },
            "timeouts": null,
            "zones": null
          },
          "sensitive_attributes": [],
          "private": "eyJlMmJmYjczMC1lY2FhLTExZTYtOGY4OC0zNDM2M2JjN2M0YzAiOnsiY3JlYXRlIjoxODAwMDAwMDAwMDAwLCJkZWxldGUiOjE4MDAwMDAwMDAwMDAsInJlYWQiOjMwMDAwMDAwMDAwMCwidXBkYXRlIjoxODAwMDAwMDAwMDAwfX0=",
          "dependencies": [
            "module.common.azurerm_log_analytics_workspace.log_analytics_workspace",
            "module.common.azurerm_recovery_services_vault.recovery_vault",
            "module.common.azurerm_storage_account.storage_account",
            "module.network.azurerm_network_security_group.nsg",
            "module.network.azurerm_subnet.network-subnet",
            "module.network.azurerm_subnet_network_security_group_association.subnet-nsg",
            "module.network.azurerm_virtual_network.network",
            "module.rgroup.azurerm_resource_group.rgroup"
          ]
        },
        {
          "index_key": 1,
          "schema_version": 0,
          "attributes": {
            "allocation_method": "Dynamic",
            "ddos_protection_mode": "VirtualNetworkInherited",
            "ddos_protection_plan_id": null,
            "domain_name_label": "domain9923-vmlinux-n01579923-2",
            "edge_zone": "",
            "fqdn": "domain9923-vmlinux-n01579923-2.canadacentral.cloudapp.azure.com",
            "id": "/subscriptions/c1ccde25-6894-4122-834a-1e10d99da931/resourceGroups/N01579923-RG/providers/Microsoft.Network/publicIPAddresses/vmlinux-N01579923-pip2",
            "idle_timeout_in_minutes": 30,
            "ip_address": "",
            "ip_tags": null,
            "ip_version": "IPv4",
            "location": "canadacentral",
            "name": "vmlinux-N01579923-pip2",
            "public_ip_prefix_id": null,
            "resource_group_name": "N01579923-RG",
            "reverse_fqdn": "",
            "sku": "Basic",
            "sku_tier": "Regional",
            "tags": {
              "Assignment": "CCGC 5502 Automation Assignment",
              "Environment": "Learning",
              "ExpirationDate": "2024-12-31",
              "Name": "anjali.prajapati"
            },
            "timeouts": null,
            "zones": null
          },
          "sensitive_attributes": [],
          "private": "eyJlMmJmYjczMC1lY2FhLTExZTYtOGY4OC0zNDM2M2JjN2M0YzAiOnsiY3JlYXRlIjoxODAwMDAwMDAwMDAwLCJkZWxldGUiOjE4MDAwMDAwMDAwMDAsInJlYWQiOjMwMDAwMDAwMDAwMCwidXBkYXRlIjoxODAwMDAwMDAwMDAwfX0=",
          "dependencies": [
            "module.common.azurerm_log_analytics_workspace.log_analytics_workspace",
            "module.common.azurerm_recovery_services_vault.recovery_vault",
            "module.common.azurerm_storage_account.storage_account",
            "module.network.azurerm_network_security_group.nsg",
            "module.network.azurerm_subnet.network-subnet",
            "module.network.azurerm_subnet_network_security_group_association.subnet-nsg",
            "module.network.azurerm_virtual_network.network",
            "module.rgroup.azurerm_resource_group.rgroup"
          ]
        },
        {
          "index_key": 2,
          "schema_version": 0,
          "attributes": {
            "allocation_method": "Dynamic",
            "ddos_protection_mode": "VirtualNetworkInherited",
            "ddos_protection_plan_id": null,
            "domain_name_label": "domain9923-vmlinux-n01579923-3",
            "edge_zone": "",
            "fqdn": "domain9923-vmlinux-n01579923-3.canadacentral.cloudapp.azure.com",
            "id": "/subscriptions/c1ccde25-6894-4122-834a-1e10d99da931/resourceGroups/N01579923-RG/providers/Microsoft.Network/publicIPAddresses/vmlinux-N01579923-pip3",
            "idle_timeout_in_minutes": 30,
            "ip_address": "",
            "ip_tags": null,
            "ip_version": "IPv4",
            "location": "canadacentral",
            "name": "vmlinux-N01579923-pip3",
            "public_ip_prefix_id": null,
            "resource_group_name": "N01579923-RG",
            "reverse_fqdn": "",
            "sku": "Basic",
            "sku_tier": "Regional",
            "tags": {
              "Assignment": "CCGC 5502 Automation Assignment",
              "Environment": "Learning",
              "ExpirationDate": "2024-12-31",
              "Name": "anjali.prajapati"
            },
            "timeouts": null,
            "zones": null
          },
          "sensitive_attributes": [],
          "private": "eyJlMmJmYjczMC1lY2FhLTExZTYtOGY4OC0zNDM2M2JjN2M0YzAiOnsiY3JlYXRlIjoxODAwMDAwMDAwMDAwLCJkZWxldGUiOjE4MDAwMDAwMDAwMDAsInJlYWQiOjMwMDAwMDAwMDAwMCwidXBkYXRlIjoxODAwMDAwMDAwMDAwfX0=",
          "dependencies": [
            "module.common.azurerm_log_analytics_workspace.log_analytics_workspace",
            "module.common.azurerm_recovery_services_vault.recovery_vault",
            "module.common.azurerm_storage_account.storage_account",
            "module.network.azurerm_network_security_group.nsg",
            "module.network.azurerm_subnet.network-subnet",
            "module.network.azurerm_subnet_network_security_group_association.subnet-nsg",
            "module.network.azurerm_virtual_network.network",
            "module.rgroup.azurerm_resource_group.rgroup"
          ]
        }
      ]
    },
    {
      "module": "module.vmlinux",
      "mode": "managed",
      "type": "azurerm_virtual_machine_extension",
      "name": "azure_monitor",
      "provider": "provider[\"registry.terraform.io/hashicorp/azurerm\"]",
      "instances": [
        {
          "index_key": 0,
          "schema_version": 0,
          "attributes": {
            "auto_upgrade_minor_version": true,
            "automatic_upgrade_enabled": false,
            "failure_suppression_enabled": false,
            "id": "/subscriptions/c1ccde25-6894-4122-834a-1e10d99da931/resourceGroups/N01579923-RG/providers/Microsoft.Compute/virtualMachines/vmlinux-N015799231/extensions/azure-monitor-1",
            "name": "azure-monitor-1",
            "protected_settings": null,
            "protected_settings_from_key_vault": [],
            "publisher": "Microsoft.Azure.Monitor",
            "settings": "",
            "tags": {
              "Assignment": "CCGC 5502 Automation Assignment",
              "Environment": "Learning",
              "ExpirationDate": "2024-12-31",
              "Name": "anjali.prajapati"
            },
            "timeouts": null,
            "type": "AzureMonitorLinuxAgent",
            "type_handler_version": "1.0",
            "virtual_machine_id": "/subscriptions/c1ccde25-6894-4122-834a-1e10d99da931/resourceGroups/N01579923-RG/providers/Microsoft.Compute/virtualMachines/vmlinux-N015799231"
          },
          "sensitive_attributes": [],
          "private": "eyJlMmJmYjczMC1lY2FhLTExZTYtOGY4OC0zNDM2M2JjN2M0YzAiOnsiY3JlYXRlIjoxODAwMDAwMDAwMDAwLCJkZWxldGUiOjE4MDAwMDAwMDAwMDAsInJlYWQiOjMwMDAwMDAwMDAwMCwidXBkYXRlIjoxODAwMDAwMDAwMDAwfX0=",
          "dependencies": [
            "module.common.azurerm_log_analytics_workspace.log_analytics_workspace",
            "module.common.azurerm_recovery_services_vault.recovery_vault",
            "module.common.azurerm_storage_account.storage_account",
            "module.network.azurerm_network_security_group.nsg",
            "module.network.azurerm_subnet.network-subnet",
            "module.network.azurerm_subnet_network_security_group_association.subnet-nsg",
            "module.network.azurerm_virtual_network.network",
            "module.rgroup.azurerm_resource_group.rgroup",
            "module.vmlinux.azurerm_availability_set.avail_set",
            "module.vmlinux.azurerm_linux_virtual_machine.vm-linux",
            "module.vmlinux.azurerm_network_interface.vm-net-interface",
            "module.vmlinux.azurerm_public_ip.vm-public-ip"
          ]
        },
        {
          "index_key": 1,
          "schema_version": 0,
          "attributes": {
            "auto_upgrade_minor_version": true,
            "automatic_upgrade_enabled": false,
            "failure_suppression_enabled": false,
            "id": "/subscriptions/c1ccde25-6894-4122-834a-1e10d99da931/resourceGroups/N01579923-RG/providers/Microsoft.Compute/virtualMachines/vmlinux-N015799232/extensions/azure-monitor-2",
            "name": "azure-monitor-2",
            "protected_settings": null,
            "protected_settings_from_key_vault": [],
            "publisher": "Microsoft.Azure.Monitor",
            "settings": "",
            "tags": {
              "Assignment": "CCGC 5502 Automation Assignment",
              "Environment": "Learning",
              "ExpirationDate": "2024-12-31",
              "Name": "anjali.prajapati"
            },
            "timeouts": null,
            "type": "AzureMonitorLinuxAgent",
            "type_handler_version": "1.0",
            "virtual_machine_id": "/subscriptions/c1ccde25-6894-4122-834a-1e10d99da931/resourceGroups/N01579923-RG/providers/Microsoft.Compute/virtualMachines/vmlinux-N015799232"
          },
          "sensitive_attributes": [],
          "private": "eyJlMmJmYjczMC1lY2FhLTExZTYtOGY4OC0zNDM2M2JjN2M0YzAiOnsiY3JlYXRlIjoxODAwMDAwMDAwMDAwLCJkZWxldGUiOjE4MDAwMDAwMDAwMDAsInJlYWQiOjMwMDAwMDAwMDAwMCwidXBkYXRlIjoxODAwMDAwMDAwMDAwfX0=",
          "dependencies": [
            "module.common.azurerm_log_analytics_workspace.log_analytics_workspace",
            "module.common.azurerm_recovery_services_vault.recovery_vault",
            "module.common.azurerm_storage_account.storage_account",
            "module.network.azurerm_network_security_group.nsg",
            "module.network.azurerm_subnet.network-subnet",
            "module.network.azurerm_subnet_network_security_group_association.subnet-nsg",
            "module.network.azurerm_virtual_network.network",
            "module.rgroup.azurerm_resource_group.rgroup",
            "module.vmlinux.azurerm_availability_set.avail_set",
            "module.vmlinux.azurerm_linux_virtual_machine.vm-linux",
            "module.vmlinux.azurerm_network_interface.vm-net-interface",
            "module.vmlinux.azurerm_public_ip.vm-public-ip"
          ]
        },
        {
          "index_key": 2,
          "schema_version": 0,
          "attributes": {
            "auto_upgrade_minor_version": true,
            "automatic_upgrade_enabled": false,
            "failure_suppression_enabled": false,
            "id": "/subscriptions/c1ccde25-6894-4122-834a-1e10d99da931/resourceGroups/N01579923-RG/providers/Microsoft.Compute/virtualMachines/vmlinux-N015799233/extensions/azure-monitor-3",
            "name": "azure-monitor-3",
            "protected_settings": null,
            "protected_settings_from_key_vault": [],
            "publisher": "Microsoft.Azure.Monitor",
            "settings": "",
            "tags": {
              "Assignment": "CCGC 5502 Automation Assignment",
              "Environment": "Learning",
              "ExpirationDate": "2024-12-31",
              "Name": "anjali.prajapati"
            },
            "timeouts": null,
            "type": "AzureMonitorLinuxAgent",
            "type_handler_version": "1.0",
            "virtual_machine_id": "/subscriptions/c1ccde25-6894-4122-834a-1e10d99da931/resourceGroups/N01579923-RG/providers/Microsoft.Compute/virtualMachines/vmlinux-N015799233"
          },
          "sensitive_attributes": [],
          "private": "eyJlMmJmYjczMC1lY2FhLTExZTYtOGY4OC0zNDM2M2JjN2M0YzAiOnsiY3JlYXRlIjoxODAwMDAwMDAwMDAwLCJkZWxldGUiOjE4MDAwMDAwMDAwMDAsInJlYWQiOjMwMDAwMDAwMDAwMCwidXBkYXRlIjoxODAwMDAwMDAwMDAwfX0=",
          "dependencies": [
            "module.common.azurerm_log_analytics_workspace.log_analytics_workspace",
            "module.common.azurerm_recovery_services_vault.recovery_vault",
            "module.common.azurerm_storage_account.storage_account",
            "module.network.azurerm_network_security_group.nsg",
            "module.network.azurerm_subnet.network-subnet",
            "module.network.azurerm_subnet_network_security_group_association.subnet-nsg",
            "module.network.azurerm_virtual_network.network",
            "module.rgroup.azurerm_resource_group.rgroup",
            "module.vmlinux.azurerm_availability_set.avail_set",
            "module.vmlinux.azurerm_linux_virtual_machine.vm-linux",
            "module.vmlinux.azurerm_network_interface.vm-net-interface",
            "module.vmlinux.azurerm_public_ip.vm-public-ip"
          ]
        }
      ]
    },
    {
      "module": "module.vmlinux",
      "mode": "managed",
      "type": "azurerm_virtual_machine_extension",
      "name": "linux-vm-network-watcher",
      "provider": "provider[\"registry.terraform.io/hashicorp/azurerm\"]",
      "instances": [
        {
          "index_key": 0,
          "schema_version": 0,
          "attributes": {
            "auto_upgrade_minor_version": true,
            "automatic_upgrade_enabled": false,
            "failure_suppression_enabled": false,
            "id": "/subscriptions/c1ccde25-6894-4122-834a-1e10d99da931/resourceGroups/N01579923-RG/providers/Microsoft.Compute/virtualMachines/vmlinux-N015799231/extensions/network-watcher-1",
            "name": "network-watcher-1",
            "protected_settings": "    {\n    \"storageAccountName\": \"n9923sa\",\n    \"storageAccountKey\": \"1ZDGcRRe5dBWRecYxM0g5YCB6WEVM6WOT+grLNW8bHDtoqbz1lRM6QFPOWLpocGekLuayazn6kAY+AStmcJSpQ==\"\n    }\n",
            "protected_settings_from_key_vault": [],
            "publisher": "Microsoft.Azure.NetworkWatcher",
            "settings": "{\"xmlCfg\":\"\"}",
            "tags": {
              "Assignment": "CCGC 5502 Automation Assignment",
              "Environment": "Learning",
              "ExpirationDate": "2024-12-31",
              "Name": "anjali.prajapati"
            },
            "timeouts": null,
            "type": "NetworkWatcherAgentLinux",
            "type_handler_version": "1.4",
            "virtual_machine_id": "/subscriptions/c1ccde25-6894-4122-834a-1e10d99da931/resourceGroups/N01579923-RG/providers/Microsoft.Compute/virtualMachines/vmlinux-N015799231"
          },
          "sensitive_attributes": [
            [
              {
                "type": "get_attr",
                "value": "protected_settings"
              }
            ]
          ],
          "private": "eyJlMmJmYjczMC1lY2FhLTExZTYtOGY4OC0zNDM2M2JjN2M0YzAiOnsiY3JlYXRlIjoxODAwMDAwMDAwMDAwLCJkZWxldGUiOjE4MDAwMDAwMDAwMDAsInJlYWQiOjMwMDAwMDAwMDAwMCwidXBkYXRlIjoxODAwMDAwMDAwMDAwfX0=",
          "dependencies": [
            "module.common.azurerm_log_analytics_workspace.log_analytics_workspace",
            "module.common.azurerm_recovery_services_vault.recovery_vault",
            "module.common.azurerm_storage_account.storage_account",
            "module.network.azurerm_network_security_group.nsg",
            "module.network.azurerm_subnet.network-subnet",
            "module.network.azurerm_subnet_network_security_group_association.subnet-nsg",
            "module.network.azurerm_virtual_network.network",
            "module.rgroup.azurerm_resource_group.rgroup",
            "module.vmlinux.azurerm_availability_set.avail_set",
            "module.vmlinux.azurerm_linux_virtual_machine.vm-linux",
            "module.vmlinux.azurerm_network_interface.vm-net-interface",
            "module.vmlinux.azurerm_public_ip.vm-public-ip"
          ]
        },
        {
          "index_key": 1,
          "schema_version": 0,
          "attributes": {
            "auto_upgrade_minor_version": true,
            "automatic_upgrade_enabled": false,
            "failure_suppression_enabled": false,
            "id": "/subscriptions/c1ccde25-6894-4122-834a-1e10d99da931/resourceGroups/N01579923-RG/providers/Microsoft.Compute/virtualMachines/vmlinux-N015799232/extensions/network-watcher-2",
            "name": "network-watcher-2",
            "protected_settings": "    {\n    \"storageAccountName\": \"n9923sa\",\n    \"storageAccountKey\": \"1ZDGcRRe5dBWRecYxM0g5YCB6WEVM6WOT+grLNW8bHDtoqbz1lRM6QFPOWLpocGekLuayazn6kAY+AStmcJSpQ==\"\n    }\n",
            "protected_settings_from_key_vault": [],
            "publisher": "Microsoft.Azure.NetworkWatcher",
            "settings": "{\"xmlCfg\":\"\"}",
            "tags": {
              "Assignment": "CCGC 5502 Automation Assignment",
              "Environment": "Learning",
              "ExpirationDate": "2024-12-31",
              "Name": "anjali.prajapati"
            },
            "timeouts": null,
            "type": "NetworkWatcherAgentLinux",
            "type_handler_version": "1.4",
            "virtual_machine_id": "/subscriptions/c1ccde25-6894-4122-834a-1e10d99da931/resourceGroups/N01579923-RG/providers/Microsoft.Compute/virtualMachines/vmlinux-N015799232"
          },
          "sensitive_attributes": [
            [
              {
                "type": "get_attr",
                "value": "protected_settings"
              }
            ]
          ],
          "private": "eyJlMmJmYjczMC1lY2FhLTExZTYtOGY4OC0zNDM2M2JjN2M0YzAiOnsiY3JlYXRlIjoxODAwMDAwMDAwMDAwLCJkZWxldGUiOjE4MDAwMDAwMDAwMDAsInJlYWQiOjMwMDAwMDAwMDAwMCwidXBkYXRlIjoxODAwMDAwMDAwMDAwfX0=",
          "dependencies": [
            "module.common.azurerm_log_analytics_workspace.log_analytics_workspace",
            "module.common.azurerm_recovery_services_vault.recovery_vault",
            "module.common.azurerm_storage_account.storage_account",
            "module.network.azurerm_network_security_group.nsg",
            "module.network.azurerm_subnet.network-subnet",
            "module.network.azurerm_subnet_network_security_group_association.subnet-nsg",
            "module.network.azurerm_virtual_network.network",
            "module.rgroup.azurerm_resource_group.rgroup",
            "module.vmlinux.azurerm_availability_set.avail_set",
            "module.vmlinux.azurerm_linux_virtual_machine.vm-linux",
            "module.vmlinux.azurerm_network_interface.vm-net-interface",
            "module.vmlinux.azurerm_public_ip.vm-public-ip"
          ]
        },
        {
          "index_key": 2,
          "schema_version": 0,
          "attributes": {
            "auto_upgrade_minor_version": true,
            "automatic_upgrade_enabled": false,
            "failure_suppression_enabled": false,
            "id": "/subscriptions/c1ccde25-6894-4122-834a-1e10d99da931/resourceGroups/N01579923-RG/providers/Microsoft.Compute/virtualMachines/vmlinux-N015799233/extensions/network-watcher-3",
            "name": "network-watcher-3",
            "protected_settings": "    {\n    \"storageAccountName\": \"n9923sa\",\n    \"storageAccountKey\": \"1ZDGcRRe5dBWRecYxM0g5YCB6WEVM6WOT+grLNW8bHDtoqbz1lRM6QFPOWLpocGekLuayazn6kAY+AStmcJSpQ==\"\n    }\n",
            "protected_settings_from_key_vault": [],
            "publisher": "Microsoft.Azure.NetworkWatcher",
            "settings": "{\"xmlCfg\":\"\"}",
            "tags": {
              "Assignment": "CCGC 5502 Automation Assignment",
              "Environment": "Learning",
              "ExpirationDate": "2024-12-31",
              "Name": "anjali.prajapati"
            },
            "timeouts": null,
            "type": "NetworkWatcherAgentLinux",
            "type_handler_version": "1.4",
            "virtual_machine_id": "/subscriptions/c1ccde25-6894-4122-834a-1e10d99da931/resourceGroups/N01579923-RG/providers/Microsoft.Compute/virtualMachines/vmlinux-N015799233"
          },
          "sensitive_attributes": [
            [
              {
                "type": "get_attr",
                "value": "protected_settings"
              }
            ]
          ],
          "private": "eyJlMmJmYjczMC1lY2FhLTExZTYtOGY4OC0zNDM2M2JjN2M0YzAiOnsiY3JlYXRlIjoxODAwMDAwMDAwMDAwLCJkZWxldGUiOjE4MDAwMDAwMDAwMDAsInJlYWQiOjMwMDAwMDAwMDAwMCwidXBkYXRlIjoxODAwMDAwMDAwMDAwfX0=",
          "dependencies": [
            "module.common.azurerm_log_analytics_workspace.log_analytics_workspace",
            "module.common.azurerm_recovery_services_vault.recovery_vault",
            "module.common.azurerm_storage_account.storage_account",
            "module.network.azurerm_network_security_group.nsg",
            "module.network.azurerm_subnet.network-subnet",
            "module.network.azurerm_subnet_network_security_group_association.subnet-nsg",
            "module.network.azurerm_virtual_network.network",
            "module.rgroup.azurerm_resource_group.rgroup",
            "module.vmlinux.azurerm_availability_set.avail_set",
            "module.vmlinux.azurerm_linux_virtual_machine.vm-linux",
            "module.vmlinux.azurerm_network_interface.vm-net-interface",
            "module.vmlinux.azurerm_public_ip.vm-public-ip"
          ]
        }
      ]
    },
    {
      "module": "module.vmwindows",
      "mode": "managed",
      "type": "azurerm_availability_set",
      "name": "window_avail_set",
      "provider": "provider[\"registry.terraform.io/hashicorp/azurerm\"]",
      "instances": [
        {
          "schema_version": 0,
          "attributes": {
            "id": "/subscriptions/c1ccde25-6894-4122-834a-1e10d99da931/resourceGroups/N01579923-RG/providers/Microsoft.Compute/availabilitySets/windows_avs",
            "location": "canadacentral",
            "managed": true,
            "name": "windows_avs",
            "platform_fault_domain_count": 3,
            "platform_update_domain_count": 5,
            "proximity_placement_group_id": null,
            "resource_group_name": "N01579923-RG",
            "tags": {
              "environment": "prod"
            },
            "timeouts": null
          },
          "sensitive_attributes": [],
          "private": "eyJlMmJmYjczMC1lY2FhLTExZTYtOGY4OC0zNDM2M2JjN2M0YzAiOnsiY3JlYXRlIjoxODAwMDAwMDAwMDAwLCJkZWxldGUiOjE4MDAwMDAwMDAwMDAsInJlYWQiOjMwMDAwMDAwMDAwMCwidXBkYXRlIjoxODAwMDAwMDAwMDAwfX0=",
          "dependencies": [
            "module.common.azurerm_log_analytics_workspace.log_analytics_workspace",
            "module.common.azurerm_recovery_services_vault.recovery_vault",
            "module.common.azurerm_storage_account.storage_account",
            "module.network.azurerm_network_security_group.nsg",
            "module.network.azurerm_subnet.network-subnet",
            "module.network.azurerm_subnet_network_security_group_association.subnet-nsg",
            "module.network.azurerm_virtual_network.network",
            "module.rgroup.azurerm_resource_group.rgroup"
          ]
        }
      ]
    },
    {
      "module": "module.vmwindows",
      "mode": "managed",
      "type": "azurerm_network_interface",
      "name": "network-interface",
      "provider": "provider[\"registry.terraform.io/hashicorp/azurerm\"]",
      "instances": [
        {
          "index_key": "N01579923-vm1",
          "schema_version": 0,
          "attributes": {
            "applied_dns_servers": [],
            "dns_servers": [],
            "edge_zone": "",
            "enable_accelerated_networking": false,
            "enable_ip_forwarding": false,
            "id": "/subscriptions/c1ccde25-6894-4122-834a-1e10d99da931/resourceGroups/N01579923-RG/providers/Microsoft.Network/networkInterfaces/N01579923-vm1-nic",
            "internal_dns_name_label": "",
            "internal_domain_name_suffix": "1p0dpiibotlu1ah4gamx25n4ce.ux.internal.cloudapp.net",
            "ip_configuration": [
              {
                "gateway_load_balancer_frontend_ip_configuration_id": "",
                "name": "N01579923-vm1-nic",
                "primary": true,
                "private_ip_address": "10.0.0.5",
                "private_ip_address_allocation": "Dynamic",
                "private_ip_address_version": "IPv4",
                "public_ip_address_id": "/subscriptions/c1ccde25-6894-4122-834a-1e10d99da931/resourceGroups/N01579923-RG/providers/Microsoft.Network/publicIPAddresses/N01579923-vm1-public-ip",
                "subnet_id": "/subscriptions/c1ccde25-6894-4122-834a-1e10d99da931/resourceGroups/N01579923-RG/providers/Microsoft.Network/virtualNetworks/N01579923-VNET/subnets/N01579923-SUBNET"
              }
            ],
            "location": "canadacentral",
            "mac_address": "",
            "name": "N01579923-vm1-nic",
            "private_ip_address": "10.0.0.5",
            "private_ip_addresses": [
              "10.0.0.5"
            ],
            "resource_group_name": "N01579923-RG",
            "tags": {
              "Assignment": "CCGC 5502 Automation Assignment",
              "Environment": "Learning",
              "ExpirationDate": "2024-12-31",
              "Name": "anjali.prajapati"
            },
            "timeouts": null,
            "virtual_machine_id": ""
          },
          "sensitive_attributes": [],
          "private": "eyJlMmJmYjczMC1lY2FhLTExZTYtOGY4OC0zNDM2M2JjN2M0YzAiOnsiY3JlYXRlIjoxODAwMDAwMDAwMDAwLCJkZWxldGUiOjE4MDAwMDAwMDAwMDAsInJlYWQiOjMwMDAwMDAwMDAwMCwidXBkYXRlIjoxODAwMDAwMDAwMDAwfX0=",
          "dependencies": [
            "module.common.azurerm_log_analytics_workspace.log_analytics_workspace",
            "module.common.azurerm_recovery_services_vault.recovery_vault",
            "module.common.azurerm_storage_account.storage_account",
            "module.network.azurerm_network_security_group.nsg",
            "module.network.azurerm_subnet.network-subnet",
            "module.network.azurerm_subnet_network_security_group_association.subnet-nsg",
            "module.network.azurerm_virtual_network.network",
            "module.rgroup.azurerm_resource_group.rgroup",
            "module.vmwindows.azurerm_public_ip.vm-public-ip-1"
          ]
        },
        {
          "index_key": "N01579923-vm2",
          "schema_version": 0,
          "attributes": {
            "applied_dns_servers": [],
            "dns_servers": [],
            "edge_zone": "",
            "enable_accelerated_networking": false,
            "enable_ip_forwarding": false,
            "id": "/subscriptions/c1ccde25-6894-4122-834a-1e10d99da931/resourceGroups/N01579923-RG/providers/Microsoft.Network/networkInterfaces/N01579923-vm2-nic",
            "internal_dns_name_label": "",
            "internal_domain_name_suffix": "1p0dpiibotlu1ah4gamx25n4ce.ux.internal.cloudapp.net",
            "ip_configuration": [
              {
                "gateway_load_balancer_frontend_ip_configuration_id": "",
                "name": "N01579923-vm2-nic",
                "primary": true,
                "private_ip_address": "10.0.0.4",
                "private_ip_address_allocation": "Dynamic",
                "private_ip_address_version": "IPv4",
                "public_ip_address_id": "/subscriptions/c1ccde25-6894-4122-834a-1e10d99da931/resourceGroups/N01579923-RG/providers/Microsoft.Network/publicIPAddresses/N01579923-vm2-public-ip",
                "subnet_id": "/subscriptions/c1ccde25-6894-4122-834a-1e10d99da931/resourceGroups/N01579923-RG/providers/Microsoft.Network/virtualNetworks/N01579923-VNET/subnets/N01579923-SUBNET"
              }
            ],
            "location": "canadacentral",
            "mac_address": "",
            "name": "N01579923-vm2-nic",
            "private_ip_address": "10.0.0.4",
            "private_ip_addresses": [
              "10.0.0.4"
            ],
            "resource_group_name": "N01579923-RG",
            "tags": {
              "Assignment": "CCGC 5502 Automation Assignment",
              "Environment": "Learning",
              "ExpirationDate": "2024-12-31",
              "Name": "anjali.prajapati"
            },
            "timeouts": null,
            "virtual_machine_id": ""
          },
          "sensitive_attributes": [],
          "private": "eyJlMmJmYjczMC1lY2FhLTExZTYtOGY4OC0zNDM2M2JjN2M0YzAiOnsiY3JlYXRlIjoxODAwMDAwMDAwMDAwLCJkZWxldGUiOjE4MDAwMDAwMDAwMDAsInJlYWQiOjMwMDAwMDAwMDAwMCwidXBkYXRlIjoxODAwMDAwMDAwMDAwfX0=",
          "dependencies": [
            "module.common.azurerm_log_analytics_workspace.log_analytics_workspace",
            "module.common.azurerm_recovery_services_vault.recovery_vault",
            "module.common.azurerm_storage_account.storage_account",
            "module.network.azurerm_network_security_group.nsg",
            "module.network.azurerm_subnet.network-subnet",
            "module.network.azurerm_subnet_network_security_group_association.subnet-nsg",
            "module.network.azurerm_virtual_network.network",
            "module.rgroup.azurerm_resource_group.rgroup",
            "module.vmwindows.azurerm_public_ip.vm-public-ip-1"
          ]
        }
      ]
    },
    {
      "module": "module.vmwindows",
      "mode": "managed",
      "type": "azurerm_public_ip",
      "name": "vm-public-ip-1",
      "provider": "provider[\"registry.terraform.io/hashicorp/azurerm\"]",
      "instances": [
        {
          "index_key": "N01579923-vm1",
          "schema_version": 0,
          "attributes": {
            "allocation_method": "Dynamic",
            "ddos_protection_mode": "VirtualNetworkInherited",
            "ddos_protection_plan_id": null,
            "domain_name_label": "terraform-assignment-01579923-vm1",
            "edge_zone": "",
            "fqdn": "terraform-assignment-01579923-vm1.canadacentral.cloudapp.azure.com",
            "id": "/subscriptions/c1ccde25-6894-4122-834a-1e10d99da931/resourceGroups/N01579923-RG/providers/Microsoft.Network/publicIPAddresses/N01579923-vm1-public-ip",
            "idle_timeout_in_minutes": 4,
            "ip_address": "",
            "ip_tags": null,
            "ip_version": "IPv4",
            "location": "canadacentral",
            "name": "N01579923-vm1-public-ip",
            "public_ip_prefix_id": null,
            "resource_group_name": "N01579923-RG",
            "reverse_fqdn": "",
            "sku": "Basic",
            "sku_tier": "Regional",
            "tags": {
              "Assignment": "CCGC 5502 Automation Assignment",
              "Environment": "Learning",
              "ExpirationDate": "2024-12-31",
              "Name": "anjali.prajapati"
            },
            "timeouts": null,
            "zones": null
          },
          "sensitive_attributes": [],
          "private": "eyJlMmJmYjczMC1lY2FhLTExZTYtOGY4OC0zNDM2M2JjN2M0YzAiOnsiY3JlYXRlIjoxODAwMDAwMDAwMDAwLCJkZWxldGUiOjE4MDAwMDAwMDAwMDAsInJlYWQiOjMwMDAwMDAwMDAwMCwidXBkYXRlIjoxODAwMDAwMDAwMDAwfX0=",
          "dependencies": [
            "module.common.azurerm_log_analytics_workspace.log_analytics_workspace",
            "module.common.azurerm_recovery_services_vault.recovery_vault",
            "module.common.azurerm_storage_account.storage_account",
            "module.network.azurerm_network_security_group.nsg",
            "module.network.azurerm_subnet.network-subnet",
            "module.network.azurerm_subnet_network_security_group_association.subnet-nsg",
            "module.network.azurerm_virtual_network.network",
            "module.rgroup.azurerm_resource_group.rgroup"
          ]
        },
        {
          "index_key": "N01579923-vm2",
          "schema_version": 0,
          "attributes": {
            "allocation_method": "Dynamic",
            "ddos_protection_mode": "VirtualNetworkInherited",
            "ddos_protection_plan_id": null,
            "domain_name_label": "terraform-assignment-01579923-vm2",
            "edge_zone": "",
            "fqdn": "terraform-assignment-01579923-vm2.canadacentral.cloudapp.azure.com",
            "id": "/subscriptions/c1ccde25-6894-4122-834a-1e10d99da931/resourceGroups/N01579923-RG/providers/Microsoft.Network/publicIPAddresses/N01579923-vm2-public-ip",
            "idle_timeout_in_minutes": 4,
            "ip_address": "",
            "ip_tags": null,
            "ip_version": "IPv4",
            "location": "canadacentral",
            "name": "N01579923-vm2-public-ip",
            "public_ip_prefix_id": null,
            "resource_group_name": "N01579923-RG",
            "reverse_fqdn": "",
            "sku": "Basic",
            "sku_tier": "Regional",
            "tags": {
              "Assignment": "CCGC 5502 Automation Assignment",
              "Environment": "Learning",
              "ExpirationDate": "2024-12-31",
              "Name": "anjali.prajapati"
            },
            "timeouts": null,
            "zones": null
          },
          "sensitive_attributes": [],
          "private": "eyJlMmJmYjczMC1lY2FhLTExZTYtOGY4OC0zNDM2M2JjN2M0YzAiOnsiY3JlYXRlIjoxODAwMDAwMDAwMDAwLCJkZWxldGUiOjE4MDAwMDAwMDAwMDAsInJlYWQiOjMwMDAwMDAwMDAwMCwidXBkYXRlIjoxODAwMDAwMDAwMDAwfX0=",
          "dependencies": [
            "module.common.azurerm_log_analytics_workspace.log_analytics_workspace",
            "module.common.azurerm_recovery_services_vault.recovery_vault",
            "module.common.azurerm_storage_account.storage_account",
            "module.network.azurerm_network_security_group.nsg",
            "module.network.azurerm_subnet.network-subnet",
            "module.network.azurerm_subnet_network_security_group_association.subnet-nsg",
            "module.network.azurerm_virtual_network.network",
            "module.rgroup.azurerm_resource_group.rgroup"
          ]
        }
      ]
    },
    {
      "module": "module.vmwindows",
      "mode": "managed",
      "type": "azurerm_virtual_machine_extension",
      "name": "extension",
      "provider": "provider[\"registry.terraform.io/hashicorp/azurerm\"]",
      "instances": [
        {
          "index_key": "N01579923-vm1",
          "schema_version": 0,
          "attributes": {
            "auto_upgrade_minor_version": true,
            "automatic_upgrade_enabled": false,
            "failure_suppression_enabled": false,
            "id": "/subscriptions/c1ccde25-6894-4122-834a-1e10d99da931/resourceGroups/N01579923-RG/providers/Microsoft.Compute/virtualMachines/N01579923-vm1/extensions/IaaSAntimalware",
            "name": "IaaSAntimalware",
            "protected_settings": null,
            "protected_settings_from_key_vault": [],
            "publisher": "Microsoft.Azure.Security",
            "settings": "{\"AntimalwareEnabled\":true,\"Exclusions\":{\"Extensions\":\"\",\"Paths\":\"\",\"Processes\":\"\"},\"RealtimeProtectionEnabled\":\"true\",\"ScheduledScanSettings\":{\"day\":\"1\",\"isEnabled\":\"true\",\"scanType\":\"Quick\",\"time\":\"120\"}}",
            "tags": null,
            "timeouts": null,
            "type": "IaaSAntimalware",
            "type_handler_version": "1.3",
            "virtual_machine_id": "/subscriptions/c1ccde25-6894-4122-834a-1e10d99da931/resourceGroups/N01579923-RG/providers/Microsoft.Compute/virtualMachines/N01579923-vm1"
          },
          "sensitive_attributes": [],
          "private": "eyJlMmJmYjczMC1lY2FhLTExZTYtOGY4OC0zNDM2M2JjN2M0YzAiOnsiY3JlYXRlIjoxODAwMDAwMDAwMDAwLCJkZWxldGUiOjE4MDAwMDAwMDAwMDAsInJlYWQiOjMwMDAwMDAwMDAwMCwidXBkYXRlIjoxODAwMDAwMDAwMDAwfX0=",
          "dependencies": [
            "module.common.azurerm_log_analytics_workspace.log_analytics_workspace",
            "module.common.azurerm_recovery_services_vault.recovery_vault",
            "module.common.azurerm_storage_account.storage_account",
            "module.network.azurerm_network_security_group.nsg",
            "module.network.azurerm_subnet.network-subnet",
            "module.network.azurerm_subnet_network_security_group_association.subnet-nsg",
            "module.network.azurerm_virtual_network.network",
            "module.rgroup.azurerm_resource_group.rgroup",
            "module.vmwindows.azurerm_availability_set.window_avail_set",
            "module.vmwindows.azurerm_network_interface.network-interface",
            "module.vmwindows.azurerm_public_ip.vm-public-ip-1",
            "module.vmwindows.azurerm_windows_virtual_machine.window_vm"
          ]
        },
        {
          "index_key": "N01579923-vm2",
          "schema_version": 0,
          "attributes": {
            "auto_upgrade_minor_version": true,
            "automatic_upgrade_enabled": false,
            "failure_suppression_enabled": false,
            "id": "/subscriptions/c1ccde25-6894-4122-834a-1e10d99da931/resourceGroups/N01579923-RG/providers/Microsoft.Compute/virtualMachines/N01579923-vm2/extensions/IaaSAntimalware",
            "name": "IaaSAntimalware",
            "protected_settings": null,
            "protected_settings_from_key_vault": [],
            "publisher": "Microsoft.Azure.Security",
            "settings": "{\"AntimalwareEnabled\":true,\"Exclusions\":{\"Extensions\":\"\",\"Paths\":\"\",\"Processes\":\"\"},\"RealtimeProtectionEnabled\":\"true\",\"ScheduledScanSettings\":{\"day\":\"1\",\"isEnabled\":\"true\",\"scanType\":\"Quick\",\"time\":\"120\"}}",
            "tags": null,
            "timeouts": null,
            "type": "IaaSAntimalware",
            "type_handler_version": "1.3",
            "virtual_machine_id": "/subscriptions/c1ccde25-6894-4122-834a-1e10d99da931/resourceGroups/N01579923-RG/providers/Microsoft.Compute/virtualMachines/N01579923-vm2"
          },
          "sensitive_attributes": [],
          "private": "eyJlMmJmYjczMC1lY2FhLTExZTYtOGY4OC0zNDM2M2JjN2M0YzAiOnsiY3JlYXRlIjoxODAwMDAwMDAwMDAwLCJkZWxldGUiOjE4MDAwMDAwMDAwMDAsInJlYWQiOjMwMDAwMDAwMDAwMCwidXBkYXRlIjoxODAwMDAwMDAwMDAwfX0=",
          "dependencies": [
            "module.common.azurerm_log_analytics_workspace.log_analytics_workspace",
            "module.common.azurerm_recovery_services_vault.recovery_vault",
            "module.common.azurerm_storage_account.storage_account",
            "module.network.azurerm_network_security_group.nsg",
            "module.network.azurerm_subnet.network-subnet",
            "module.network.azurerm_subnet_network_security_group_association.subnet-nsg",
            "module.network.azurerm_virtual_network.network",
            "module.rgroup.azurerm_resource_group.rgroup",
            "module.vmwindows.azurerm_availability_set.window_avail_set",
            "module.vmwindows.azurerm_network_interface.network-interface",
            "module.vmwindows.azurerm_public_ip.vm-public-ip-1",
            "module.vmwindows.azurerm_windows_virtual_machine.window_vm"
          ]
        }
      ]
    },
    {
      "module": "module.vmwindows",
      "mode": "managed",
      "type": "azurerm_windows_virtual_machine",
      "name": "window_vm",
      "provider": "provider[\"registry.terraform.io/hashicorp/azurerm\"]",
      "instances": [
        {
          "index_key": "N01579923-vm1",
          "schema_version": 0,
          "attributes": {
            "additional_capabilities": [],
            "additional_unattend_content": [],
            "admin_password": "Admin@123!",
            "admin_username": "n01579923",
            "allow_extension_operations": true,
            "availability_set_id": "",
            "boot_diagnostics": [
              {
                "storage_account_uri": "https://n9923sa.blob.core.windows.net/"
              }
            ],
            "capacity_reservation_group_id": "",
            "computer_name": "N01579923-vm1",
            "custom_data": null,
            "dedicated_host_group_id": "",
            "dedicated_host_id": "",
            "edge_zone": "",
            "enable_automatic_updates": true,
            "encryption_at_host_enabled": false,
            "eviction_policy": "",
            "extensions_time_budget": "PT1H30M",
            "gallery_application": [],
            "hotpatching_enabled": false,
            "id": "/subscriptions/c1ccde25-6894-4122-834a-1e10d99da931/resourceGroups/N01579923-RG/providers/Microsoft.Compute/virtualMachines/N01579923-vm1",
            "identity": [],
            "license_type": "",
            "location": "canadacentral",
            "max_bid_price": -1,
            "name": "N01579923-vm1",
            "network_interface_ids": [
              "/subscriptions/c1ccde25-6894-4122-834a-1e10d99da931/resourceGroups/N01579923-RG/providers/Microsoft.Network/networkInterfaces/N01579923-vm1-nic"
            ],
            "os_disk": [
              {
                "caching": "ReadWrite",
                "diff_disk_settings": [],
                "disk_encryption_set_id": "",
                "disk_size_gb": 128,
                "name": "N01579923-vm1",
                "secure_vm_disk_encryption_set_id": "",
                "security_encryption_type": "",
                "storage_account_type": "StandardSSD_LRS",
                "write_accelerator_enabled": false
              }
            ],
            "patch_assessment_mode": "ImageDefault",
            "patch_mode": "AutomaticByOS",
            "plan": [],
            "platform_fault_domain": -1,
            "priority": "Regular",
            "private_ip_address": "10.0.0.5",
            "private_ip_addresses": [
              "10.0.0.5"
            ],
            "provision_vm_agent": true,
            "proximity_placement_group_id": "",
            "public_ip_address": "20.116.38.44",
            "public_ip_addresses": [
              "20.116.38.44"
            ],
            "resource_group_name": "N01579923-RG",
            "secret": [],
            "secure_boot_enabled": false,
            "size": "Standard_B1s",
            "source_image_id": "",
            "source_image_reference": [
              {
                "offer": "WindowsServer",
                "publisher": "MicrosoftWindowsServer",
                "sku": "2016-Datacenter",
                "version": "latest"
              }
            ],
            "tags": {
              "Assignment": "CCGC 5502 Automation Assignment",
              "Environment": "Learning",
              "ExpirationDate": "2024-12-31",
              "Name": "anjali.prajapati"
            },
            "termination_notification": null,
            "timeouts": null,
            "timezone": "",
            "user_data": "",
            "virtual_machine_id": "02df5e9a-2970-4524-b330-90dda9494e8d",
            "virtual_machine_scale_set_id": "",
            "vtpm_enabled": false,
            "winrm_listener": [
              {
                "certificate_url": "",
                "protocol": "Http"
              }
            ],
            "zone": ""
          },
          "sensitive_attributes": [],
          "private": "eyJlMmJmYjczMC1lY2FhLTExZTYtOGY4OC0zNDM2M2JjN2M0YzAiOnsiY3JlYXRlIjoyNzAwMDAwMDAwMDAwLCJkZWxldGUiOjI3MDAwMDAwMDAwMDAsInJlYWQiOjMwMDAwMDAwMDAwMCwidXBkYXRlIjoyNzAwMDAwMDAwMDAwfX0=",
          "dependencies": [
            "module.common.azurerm_log_analytics_workspace.log_analytics_workspace",
            "module.common.azurerm_recovery_services_vault.recovery_vault",
            "module.common.azurerm_storage_account.storage_account",
            "module.network.azurerm_network_security_group.nsg",
            "module.network.azurerm_subnet.network-subnet",
            "module.network.azurerm_subnet_network_security_group_association.subnet-nsg",
            "module.network.azurerm_virtual_network.network",
            "module.rgroup.azurerm_resource_group.rgroup",
            "module.vmwindows.azurerm_availability_set.window_avail_set",
            "module.vmwindows.azurerm_network_interface.network-interface",
            "module.vmwindows.azurerm_public_ip.vm-public-ip-1"
          ]
        },
        {
          "index_key": "N01579923-vm2",
          "schema_version": 0,
          "attributes": {
            "additional_capabilities": [],
            "additional_unattend_content": [],
            "admin_password": "Admin@123!",
            "admin_username": "n01579923",
            "allow_extension_operations": true,
            "availability_set_id": "",
            "boot_diagnostics": [
              {
                "storage_account_uri": "https://n9923sa.blob.core.windows.net/"
              }
            ],
            "capacity_reservation_group_id": "",
            "computer_name": "N01579923-vm2",
            "custom_data": null,
            "dedicated_host_group_id": "",
            "dedicated_host_id": "",
            "edge_zone": "",
            "enable_automatic_updates": true,
            "encryption_at_host_enabled": false,
            "eviction_policy": "",
            "extensions_time_budget": "PT1H30M",
            "gallery_application": [],
            "hotpatching_enabled": false,
            "id": "/subscriptions/c1ccde25-6894-4122-834a-1e10d99da931/resourceGroups/N01579923-RG/providers/Microsoft.Compute/virtualMachines/N01579923-vm2",
            "identity": [],
            "license_type": "",
            "location": "canadacentral",
            "max_bid_price": -1,
            "name": "N01579923-vm2",
            "network_interface_ids": [
              "/subscriptions/c1ccde25-6894-4122-834a-1e10d99da931/resourceGroups/N01579923-RG/providers/Microsoft.Network/networkInterfaces/N01579923-vm2-nic"
            ],
            "os_disk": [
              {
                "caching": "ReadWrite",
                "diff_disk_settings": [],
                "disk_encryption_set_id": "",
                "disk_size_gb": 128,
                "name": "N01579923-vm2",
                "secure_vm_disk_encryption_set_id": "",
                "security_encryption_type": "",
                "storage_account_type": "StandardSSD_LRS",
                "write_accelerator_enabled": false
              }
            ],
            "patch_assessment_mode": "ImageDefault",
            "patch_mode": "AutomaticByOS",
            "plan": [],
            "platform_fault_domain": -1,
            "priority": "Regular",
            "private_ip_address": "10.0.0.4",
            "private_ip_addresses": [
              "10.0.0.4"
            ],
            "provision_vm_agent": true,
            "proximity_placement_group_id": "",
            "public_ip_address": "20.116.37.137",
            "public_ip_addresses": [
              "20.116.37.137"
            ],
            "resource_group_name": "N01579923-RG",
            "secret": [],
            "secure_boot_enabled": false,
            "size": "Standard_B1ms",
            "source_image_id": "",
            "source_image_reference": [
              {
                "offer": "WindowsServer",
                "publisher": "MicrosoftWindowsServer",
                "sku": "2016-Datacenter",
                "version": "latest"
              }
            ],
            "tags": {
              "Assignment": "CCGC 5502 Automation Assignment",
              "Environment": "Learning",
              "ExpirationDate": "2024-12-31",
              "Name": "anjali.prajapati"
            },
            "termination_notification": null,
            "timeouts": null,
            "timezone": "",
            "user_data": "",
            "virtual_machine_id": "6eae26af-b103-4527-b6a6-1aa31ac4f648",
            "virtual_machine_scale_set_id": "",
            "vtpm_enabled": false,
            "winrm_listener": [
              {
                "certificate_url": "",
                "protocol": "Http"
              }
            ],
            "zone": ""
          },
          "sensitive_attributes": [],
          "private": "eyJlMmJmYjczMC1lY2FhLTExZTYtOGY4OC0zNDM2M2JjN2M0YzAiOnsiY3JlYXRlIjoyNzAwMDAwMDAwMDAwLCJkZWxldGUiOjI3MDAwMDAwMDAwMDAsInJlYWQiOjMwMDAwMDAwMDAwMCwidXBkYXRlIjoyNzAwMDAwMDAwMDAwfX0=",
          "dependencies": [
            "module.common.azurerm_log_analytics_workspace.log_analytics_workspace",
            "module.common.azurerm_recovery_services_vault.recovery_vault",
            "module.common.azurerm_storage_account.storage_account",
            "module.network.azurerm_network_security_group.nsg",
            "module.network.azurerm_subnet.network-subnet",
            "module.network.azurerm_subnet_network_security_group_association.subnet-nsg",
            "module.network.azurerm_virtual_network.network",
            "module.rgroup.azurerm_resource_group.rgroup",
            "module.vmwindows.azurerm_availability_set.window_avail_set",
            "module.vmwindows.azurerm_network_interface.network-interface",
            "module.vmwindows.azurerm_public_ip.vm-public-ip-1"
          ]
        }
      ]
    }
  ],
  "check_results": null
}
